
Microsoft Visual Studio Solution File, Format Version 12.00
# Visual Studio Version 17
VisualStudioVersion = 17.0.31903.59
MinimumVisualStudioVersion = 10.0.40219.1
Project("{2150E333-8FDC-42A3-9474-1A3956D46DE8}") = "src", "src", "{827E0CD3-B72D-47B6-A68D-7590B98EB39B}"
EndProject
Project("{2150E333-8FDC-42A3-9474-1A3956D46DE8}") = "Aspire", "Aspire", "{A1111111-1111-1111-1111-111111111111}"
EndProject
Project("{2150E333-8FDC-42A3-9474-1A3956D46DE8}") = "Gateway", "Gateway", "{A2222222-2222-2222-2222-222222222222}"
EndProject
Project("{2150E333-8FDC-42A3-9474-1A3956D46DE8}") = "Shared", "Shared", "{A3333333-3333-3333-3333-333333333333}"
EndProject
Project("{2150E333-8FDC-42A3-9474-1A3956D46DE8}") = "Services", "Services", "{A4444444-4444-4444-4444-444444444444}"
EndProject
Project("{2150E333-8FDC-42A3-9474-1A3956D46DE8}") = "CartService", "CartService", "{A5555555-5555-5555-5555-555555555555}"
EndProject
Project("{2150E333-8FDC-42A3-9474-1A3956D46DE8}") = "IdentityService", "IdentityService", "{A6666666-6666-6666-6666-666666666666}"
EndProject
Project("{2150E333-8FDC-42A3-9474-1A3956D46DE8}") = "OrderService", "OrderService", "{A7777777-7777-7777-7777-777777777777}"
EndProject
Project("{2150E333-8FDC-42A3-9474-1A3956D46DE8}") = "ProductService", "ProductService", "{A8888888-8888-8888-8888-888888888888}"
EndProject
Project("{FAE04EC0-301F-11D3-BF4B-00C04F79EFBC}") = "ProductOrderingSystem.AppHost", "src\Aspire\ProductOrderingSystem.AppHost\ProductOrderingSystem.AppHost.csproj", "{AD06E313-6EAF-49F2-9C42-3631BEAA5836}"
EndProject
Project("{FAE04EC0-301F-11D3-BF4B-00C04F79EFBC}") = "ProductOrderingSystem.ServiceDefaults", "src\Aspire\ProductOrderingSystem.ServiceDefaults\ProductOrderingSystem.ServiceDefaults.csproj", "{EEC19417-9B99-4EF1-99CB-FA4C85C60892}"
EndProject
Project("{FAE04EC0-301F-11D3-BF4B-00C04F79EFBC}") = "ProductOrderingSystem.ApiGateway", "src\Gateway\ProductOrderingSystem.ApiGateway\ProductOrderingSystem.ApiGateway.csproj", "{2F2A6434-38BF-402A-9FC9-40D587F084A0}"
EndProject
Project("{FAE04EC0-301F-11D3-BF4B-00C04F79EFBC}") = "ProductOrderingSystem.CartService.Application", "src\Services\CartService\ProductOrderingSystem.CartService.Application\ProductOrderingSystem.CartService.Application.csproj", "{35548C29-5844-4EFC-AEBF-A5F40AE89AE4}"
EndProject
Project("{FAE04EC0-301F-11D3-BF4B-00C04F79EFBC}") = "ProductOrderingSystem.CartService.Domain", "src\Services\CartService\ProductOrderingSystem.CartService.Domain\ProductOrderingSystem.CartService.Domain.csproj", "{222F14A4-3F74-42E4-AD43-3F3B77D59EA8}"
EndProject
Project("{FAE04EC0-301F-11D3-BF4B-00C04F79EFBC}") = "ProductOrderingSystem.CartService.Infrastructure", "src\Services\CartService\ProductOrderingSystem.CartService.Infrastructure\ProductOrderingSystem.CartService.Infrastructure.csproj", "{E32E3B6E-ED1F-4BC5-ACFC-2E198270AC1C}"
EndProject
Project("{FAE04EC0-301F-11D3-BF4B-00C04F79EFBC}") = "ProductOrderingSystem.CartService.WebAPI", "src\Services\CartService\ProductOrderingSystem.CartService.WebAPI\ProductOrderingSystem.CartService.WebAPI.csproj", "{04845B04-475C-4987-B960-C69C2B182B63}"
EndProject
Project("{FAE04EC0-301F-11D3-BF4B-00C04F79EFBC}") = "ProductOrderingSystem.IdentityService.Application", "src\Services\IdentityService\ProductOrderingSystem.IdentityService.Application\ProductOrderingSystem.IdentityService.Application.csproj", "{190F5183-2430-4515-B99D-67AA82D6A5DB}"
EndProject
Project("{FAE04EC0-301F-11D3-BF4B-00C04F79EFBC}") = "ProductOrderingSystem.IdentityService.Domain", "src\Services\IdentityService\ProductOrderingSystem.IdentityService.Domain\ProductOrderingSystem.IdentityService.Domain.csproj", "{43EEC4C2-5D2A-4B14-9051-E7A1E41A59B6}"
EndProject
Project("{FAE04EC0-301F-11D3-BF4B-00C04F79EFBC}") = "ProductOrderingSystem.IdentityService.Infrastructure", "src\Services\IdentityService\ProductOrderingSystem.IdentityService.Infrastructure\ProductOrderingSystem.IdentityService.Infrastructure.csproj", "{CB8636B7-B102-4B2D-AA94-7BA717F93535}"
EndProject
Project("{FAE04EC0-301F-11D3-BF4B-00C04F79EFBC}") = "ProductOrderingSystem.IdentityService.WebAPI", "src\Services\IdentityService\ProductOrderingSystem.IdentityService.WebAPI\ProductOrderingSystem.IdentityService.WebAPI.csproj", "{114F18F0-82DA-43EE-9668-F79D45195290}"
EndProject
Project("{FAE04EC0-301F-11D3-BF4B-00C04F79EFBC}") = "ProductOrderingSystem.OrderService.Application", "src\Services\OrderService\ProductOrderingSystem.OrderService.Application\ProductOrderingSystem.OrderService.Application.csproj", "{3233E982-3D06-45E9-9E03-D5EA3CED5219}"
EndProject
Project("{FAE04EC0-301F-11D3-BF4B-00C04F79EFBC}") = "ProductOrderingSystem.OrderService.Domain", "src\Services\OrderService\ProductOrderingSystem.OrderService.Domain\ProductOrderingSystem.OrderService.Domain.csproj", "{EBE1728A-49EA-44CB-AB52-E33E648866E0}"
EndProject
Project("{FAE04EC0-301F-11D3-BF4B-00C04F79EFBC}") = "ProductOrderingSystem.OrderService.Infrastructure", "src\Services\OrderService\ProductOrderingSystem.OrderService.Infrastructure\ProductOrderingSystem.OrderService.Infrastructure.csproj", "{7B34BBEC-2D6A-48A6-8FD0-38545E797CC9}"
EndProject
Project("{FAE04EC0-301F-11D3-BF4B-00C04F79EFBC}") = "ProductOrderingSystem.OrderService.WebAPI", "src\Services\OrderService\ProductOrderingSystem.OrderService.WebAPI\ProductOrderingSystem.OrderService.WebAPI.csproj", "{1AEEC8C3-3572-46A1-8FF6-ACCDCEABC021}"
EndProject
Project("{FAE04EC0-301F-11D3-BF4B-00C04F79EFBC}") = "ProductOrderingSystem.ProductService.Application", "src\Services\ProductService\ProductOrderingSystem.ProductService.Application\ProductOrderingSystem.ProductService.Application.csproj", "{B64B3AA8-9440-4533-9BA9-A4FA3450CF3E}"
EndProject
Project("{FAE04EC0-301F-11D3-BF4B-00C04F79EFBC}") = "ProductOrderingSystem.ProductService.Domain", "src\Services\ProductService\ProductOrderingSystem.ProductService.Domain\ProductOrderingSystem.ProductService.Domain.csproj", "{3DED43E1-56C7-4CE8-86DF-219E7A86BE41}"
EndProject
Project("{FAE04EC0-301F-11D3-BF4B-00C04F79EFBC}") = "ProductOrderingSystem.ProductService.Infrastructure", "src\Services\ProductService\ProductOrderingSystem.ProductService.Infrastructure\ProductOrderingSystem.ProductService.Infrastructure.csproj", "{9FEFF544-BB49-4431-95B3-C445BC5CB5AF}"
EndProject
Project("{FAE04EC0-301F-11D3-BF4B-00C04F79EFBC}") = "ProductOrderingSystem.ProductService.WebAPI", "src\Services\ProductService\ProductOrderingSystem.ProductService.WebAPI\ProductOrderingSystem.ProductService.WebAPI.csproj", "{F3A9C6A0-823E-4740-B249-86FDFF94D66D}"
EndProject
Project("{FAE04EC0-301F-11D3-BF4B-00C04F79EFBC}") = "ProductOrderingSystem.Shared.Contracts", "src\Shared\ProductOrderingSystem.Shared.Contracts\ProductOrderingSystem.Shared.Contracts.csproj", "{DE50897F-7D2B-4632-BBAC-BEB83FA78B73}"
EndProject
Project("{2150E333-8FDC-42A3-9474-1A3956D46DE8}") = "tests", "tests", "{0AB3BF05-4346-4AA6-1389-037BE0695223}"
EndProject
Project("{2150E333-8FDC-42A3-9474-1A3956D46DE8}") = "CartService", "CartService", "{B1111111-1111-1111-1111-111111111111}"
EndProject
Project("{2150E333-8FDC-42A3-9474-1A3956D46DE8}") = "IdentityService", "IdentityService", "{B2222222-2222-2222-2222-222222222222}"
EndProject
Project("{2150E333-8FDC-42A3-9474-1A3956D46DE8}") = "OrderService", "OrderService", "{B3333333-3333-3333-3333-333333333333}"
EndProject
Project("{2150E333-8FDC-42A3-9474-1A3956D46DE8}") = "ProductService", "ProductService", "{B4444444-4444-4444-4444-444444444444}"
EndProject
Project("{FAE04EC0-301F-11D3-BF4B-00C04F79EFBC}") = "ProductOrderingSystem.CartService.Application.UnitTests", "tests\CartService\ProductOrderingSystem.CartService.Application.UnitTests\ProductOrderingSystem.CartService.Application.UnitTests.csproj", "{BDF0F2F9-BB13-4539-A151-7E4541C1A8D3}"
EndProject
Project("{FAE04EC0-301F-11D3-BF4B-00C04F79EFBC}") = "ProductOrderingSystem.CartService.Domain.UnitTests", "tests\CartService\ProductOrderingSystem.CartService.Domain.UnitTests\ProductOrderingSystem.CartService.Domain.UnitTests.csproj", "{8B5CAFBF-0036-46B6-AFCA-4EFAC7376C00}"
EndProject
Project("{FAE04EC0-301F-11D3-BF4B-00C04F79EFBC}") = "ProductOrderingSystem.IdentityService.Application.UnitTests", "tests\IdentityService\ProductOrderingSystem.IdentityService.Application.UnitTests\ProductOrderingSystem.IdentityService.Application.UnitTests.csproj", "{E83221D7-9CCD-4A3B-9174-A07B1C7CA983}"
EndProject
Project("{FAE04EC0-301F-11D3-BF4B-00C04F79EFBC}") = "ProductOrderingSystem.IdentityService.Domain.UnitTests", "tests\IdentityService\ProductOrderingSystem.IdentityService.Domain.UnitTests\ProductOrderingSystem.IdentityService.Domain.UnitTests.csproj", "{D5C69CB1-57A5-481B-9D5A-BCC910E003E9}"
EndProject
Project("{FAE04EC0-301F-11D3-BF4B-00C04F79EFBC}") = "ProductOrderingSystem.IdentityService.Infrastructure.UnitTests", "tests\IdentityService\ProductOrderingSystem.IdentityService.Infrastructure.UnitTests\ProductOrderingSystem.IdentityService.Infrastructure.UnitTests.csproj", "{CA0928BD-DF12-4DB3-95F5-E079223B4023}"
EndProject
Project("{FAE04EC0-301F-11D3-BF4B-00C04F79EFBC}") = "ProductOrderingSystem.IdentityService.IntegrationTests", "tests\IdentityService\ProductOrderingSystem.IdentityService.IntegrationTests\ProductOrderingSystem.IdentityService.IntegrationTests.csproj", "{4E817583-FC4D-4F12-84E3-CF8BB3C68D95}"
EndProject
Project("{FAE04EC0-301F-11D3-BF4B-00C04F79EFBC}") = "ProductOrderingSystem.OrderService.Application.UnitTests", "tests\OrderService\ProductOrderingSystem.OrderService.Application.UnitTests\ProductOrderingSystem.OrderService.Application.UnitTests.csproj", "{9315A789-A186-4C50-8ECC-63F6C2E4C085}"
EndProject
Project("{FAE04EC0-301F-11D3-BF4B-00C04F79EFBC}") = "ProductOrderingSystem.OrderService.Domain.UnitTests", "tests\OrderService\ProductOrderingSystem.OrderService.Domain.UnitTests\ProductOrderingSystem.OrderService.Domain.UnitTests.csproj", "{696E0BDA-EEDE-46D9-B612-952A287C7D10}"
EndProject
Project("{FAE04EC0-301F-11D3-BF4B-00C04F79EFBC}") = "ProductOrderingSystem.OrderService.IntegrationTests", "tests\OrderService\ProductOrderingSystem.OrderService.IntegrationTests\ProductOrderingSystem.OrderService.IntegrationTests.csproj", "{99D01DA7-BD50-4877-B46D-FF060B38B36B}"
EndProject
Project("{FAE04EC0-301F-11D3-BF4B-00C04F79EFBC}") = "ProductOrderingSystem.ProductService.Application.UnitTests", "tests\ProductService\ProductOrderingSystem.ProductService.Application.UnitTests\ProductOrderingSystem.ProductService.Application.UnitTests.csproj", "{EA7366F2-0B35-4E09-84BC-31D1C99B2C6B}"
EndProject
Project("{FAE04EC0-301F-11D3-BF4B-00C04F79EFBC}") = "ProductOrderingSystem.ProductService.Domain.UnitTests", "tests\ProductService\ProductOrderingSystem.ProductService.Domain.UnitTests\ProductOrderingSystem.ProductService.Domain.UnitTests.csproj", "{14F41291-B2E5-48D2-B421-F707D58FDE93}"
EndProject
Project("{FAE04EC0-301F-11D3-BF4B-00C04F79EFBC}") = "ProductOrderingSystem.ProductService.IntegrationTests", "tests\ProductService\ProductOrderingSystem.ProductService.IntegrationTests\ProductOrderingSystem.ProductService.IntegrationTests.csproj", "{F7C2FCD0-686A-4E98-99B0-1C45C2DC5A5C}"
EndProject
Project("{FAE04EC0-301F-11D3-BF4B-00C04F79EFBC}") = "ProductOrderingSystem.CartService.IntegrationTests", "tests\CartService\ProductOrderingSystem.CartService.IntegrationTests\ProductOrderingSystem.CartService.IntegrationTests.csproj", "{702EFFF0-DC99-4FE2-BDEC-3E8825DD7CE8}"
EndProject
Project("{2150E333-8FDC-42A3-9474-1A3956D46DE8}") = "PaymentService", "PaymentService", "{E14D91F1-2DC8-35E9-AE1E-F46879DDFF27}"
EndProject
Project("{FAE04EC0-301F-11D3-BF4B-00C04F79EFBC}") = "ProductOrderingSystem.PaymentService.Domain", "src\Services\PaymentService\ProductOrderingSystem.PaymentService.Domain\ProductOrderingSystem.PaymentService.Domain.csproj", "{C786F9C5-CAB0-43FC-9DEA-FFB7F853998C}"
EndProject
Project("{FAE04EC0-301F-11D3-BF4B-00C04F79EFBC}") = "ProductOrderingSystem.PaymentService.Application", "src\Services\PaymentService\ProductOrderingSystem.PaymentService.Application\ProductOrderingSystem.PaymentService.Application.csproj", "{BB4E6BF7-0683-4BD8-8914-25A49EABE154}"
EndProject
Project("{FAE04EC0-301F-11D3-BF4B-00C04F79EFBC}") = "ProductOrderingSystem.PaymentService.WebAPI", "src\Services\PaymentService\ProductOrderingSystem.PaymentService.WebAPI\ProductOrderingSystem.PaymentService.WebAPI.csproj", "{C7FD3C81-8BD9-4E27-BB36-61A77AF8D25D}"
EndProject
Project("{2150E333-8FDC-42A3-9474-1A3956D46DE8}") = "PaymentService", "PaymentService", "{3B3F4563-A7AB-BD5E-0C86-A5A7D2BF8E74}"
EndProject
Project("{FAE04EC0-301F-11D3-BF4B-00C04F79EFBC}") = "ProductOrderingSystem.PaymentService.Domain.UnitTests", "tests\PaymentService\ProductOrderingSystem.PaymentService.Domain.UnitTests\ProductOrderingSystem.PaymentService.Domain.UnitTests.csproj", "{75C0EFD9-0F19-4F39-8EA0-96DBFD16F0B4}"
EndProject
Project("{FAE04EC0-301F-11D3-BF4B-00C04F79EFBC}") = "ProductOrderingSystem.PaymentService.Application.UnitTests", "tests\PaymentService\ProductOrderingSystem.PaymentService.Application.UnitTests\ProductOrderingSystem.PaymentService.Application.UnitTests.csproj", "{7E54FDD7-F586-4A7F-831C-6BF8917917E5}"
EndProject
Project("{FAE04EC0-301F-11D3-BF4B-00C04F79EFBC}") = "ProductOrderingSystem.PaymentService.IntegrationTests", "tests\PaymentService\ProductOrderingSystem.PaymentService.IntegrationTests\ProductOrderingSystem.PaymentService.IntegrationTests.csproj", "{13186C25-D4B6-4419-9DC4-143FAB86069E}"
EndProject
Project("{2150E333-8FDC-42A3-9474-1A3956D46DE8}") = "Frontend", "Frontend", "{42299874-777B-F2D0-9D08-D24097ABCE7E}"
EndProject
Project("{FAE04EC0-301F-11D3-BF4B-00C04F79EFBC}") = "ProductOrderingSystem.Web", "src\frontend\ProductOrderingSystem.Web.csproj", "{EA49DBBF-B1F0-4510-9E35-73D6DE4BF537}"
EndProject
Project("{2150E333-8FDC-42A3-9474-1A3956D46DE8}") = "CustomerService", "CustomerService", "{258B5AB8-9A7F-B602-D5EE-93F0F44B7F3B}"
EndProject
Project("{FAE04EC0-301F-11D3-BF4B-00C04F79EFBC}") = "ProductOrderingSystem.CustomerService.Application", "src\Services\CustomerService\ProductOrderingSystem.CustomerService.Application\ProductOrderingSystem.CustomerService.Application.csproj", "{56758048-273D-47A2-809F-2B5350F56EB0}"
EndProject
Project("{FAE04EC0-301F-11D3-BF4B-00C04F79EFBC}") = "ProductOrderingSystem.CustomerService.WebAPI", "src\Services\CustomerService\ProductOrderingSystem.CustomerService.WebAPI\ProductOrderingSystem.CustomerService.WebAPI.csproj", "{C80A496E-6940-4D03-A972-F44C4C867A88}"
EndProject
Project("{2150E333-8FDC-42A3-9474-1A3956D46DE8}") = "InventoryService", "InventoryService", "{1417E96A-836E-530C-DFEA-E4866583AD75}"
EndProject
Project("{FAE04EC0-301F-11D3-BF4B-00C04F79EFBC}") = "ProductOrderingSystem.InventoryService", "src\Services\InventoryService\ProductOrderingSystem.InventoryService.csproj", "{91285BBA-C52A-41D4-82BD-5237AFF714DE}"
EndProject
Project("{FAE04EC0-301F-11D3-BF4B-00C04F79EFBC}") = "ProductOrderingSystem.CustomerService.Domain", "src\Services\CustomerService\ProductOrderingSystem.CustomerService.Domain\ProductOrderingSystem.CustomerService.Domain.csproj", "{8DBB759D-0B8C-4EC5-B96C-2A57A3344C00}"
EndProject
Project("{FAE04EC0-301F-11D3-BF4B-00C04F79EFBC}") = "ProductOrderingSystem.CustomerService.Infrastructure", "src\Services\CustomerService\ProductOrderingSystem.CustomerService.Infrastructure\ProductOrderingSystem.CustomerService.Infrastructure.csproj", "{1F55D326-6C75-4128-A24E-D7C967B4A7D9}"
EndProject
Project("{2150E333-8FDC-42A3-9474-1A3956D46DE8}") = "CustomerService", "CustomerService", "{A74431E2-8AA8-C128-71CE-815214B7B36A}"
EndProject
Project("{FAE04EC0-301F-11D3-BF4B-00C04F79EFBC}") = "ProductOrderingSystem.CustomerService.Domain.UnitTests", "tests\CustomerService\ProductOrderingSystem.CustomerService.Domain.UnitTests\ProductOrderingSystem.CustomerService.Domain.UnitTests.csproj", "{576D8736-BEE4-41EC-BB09-F0433A5181A3}"
EndProject
Project("{FAE04EC0-301F-11D3-BF4B-00C04F79EFBC}") = "ProductOrderingSystem.CustomerService.Application.UnitTests", "tests\CustomerService\ProductOrderingSystem.CustomerService.Application.UnitTests\ProductOrderingSystem.CustomerService.Application.UnitTests.csproj", "{A549464D-9B26-4BD9-84F7-5F49B0B3BFE9}"
EndProject
Project("{2150E333-8FDC-42A3-9474-1A3956D46DE8}") = "InventoryService", "InventoryService", "{11C121BD-5345-2A02-24C3-AFC904F826EB}"
EndProject
Project("{FAE04EC0-301F-11D3-BF4B-00C04F79EFBC}") = "ProductOrderingSystem.InventoryService.Application.UnitTests", "tests\InventoryService\ProductOrderingSystem.InventoryService.Application.UnitTests\ProductOrderingSystem.InventoryService.Application.UnitTests.csproj", "{F43315BA-D966-45C1-8885-25F072DF02FB}"
EndProject
Project("{2150E333-8FDC-42A3-9474-1A3956D46DE8}") = "Tools", "Tools", "{DCB6FCB8-FF92-AC57-0842-1F72A354D6B1}"
EndProject
Project("{FAE04EC0-301F-11D3-BF4B-00C04F79EFBC}") = "ProductOrderingSystem.DataSeeder", "src\Tools\ProductOrderingSystem.DataSeeder\ProductOrderingSystem.DataSeeder.csproj", "{6E03DC96-0E22-4436-979D-63D882A602B7}"
EndProject
Project("{2150E333-8FDC-42A3-9474-1A3956D46DE8}") = "AnalyticsService", "AnalyticsService", "{C8AE58DD-BED0-E155-9F01-D150639BEF75}"
EndProject
Project("{FAE04EC0-301F-11D3-BF4B-00C04F79EFBC}") = "ProductOrderingSystem.AnalyticsService.Domain", "src\Services\AnalyticsService\ProductOrderingSystem.AnalyticsService.Domain\ProductOrderingSystem.AnalyticsService.Domain.csproj", "{A42876D2-2617-4514-A387-B2B177807D56}"
EndProject
Project("{FAE04EC0-301F-11D3-BF4B-00C04F79EFBC}") = "ProductOrderingSystem.AnalyticsService.Application", "src\Services\AnalyticsService\ProductOrderingSystem.AnalyticsService.Application\ProductOrderingSystem.AnalyticsService.Application.csproj", "{9F5580F9-D5C8-4CE1-A664-4AA785AD2E81}"
EndProject
Project("{FAE04EC0-301F-11D3-BF4B-00C04F79EFBC}") = "ProductOrderingSystem.AnalyticsService.Infrastructure", "src\Services\AnalyticsService\ProductOrderingSystem.AnalyticsService.Infrastructure\ProductOrderingSystem.AnalyticsService.Infrastructure.csproj", "{5DA89C6C-6756-4992-A63C-09A2579F0DC3}"
EndProject
Project("{FAE04EC0-301F-11D3-BF4B-00C04F79EFBC}") = "ProductOrderingSystem.AnalyticsService.WebAPI", "src\Services\AnalyticsService\ProductOrderingSystem.AnalyticsService.WebAPI\ProductOrderingSystem.AnalyticsService.WebAPI.csproj", "{F065EDEC-A5B7-49B0-BDE4-8276F4D8A5F6}"
EndProject
Project("{FAE04EC0-301F-11D3-BF4B-00C04F79EFBC}") = "ProductOrderingSystem.ProductService.Architecture.Tests", "tests\ProductService\ProductOrderingSystem.ProductService.Architecture.Tests\ProductOrderingSystem.ProductService.Architecture.Tests.csproj", "{A2BE511F-060D-49CB-8257-913A750B1640}"
EndProject
Global
	GlobalSection(SolutionConfigurationPlatforms) = preSolution
		Debug|Any CPU = Debug|Any CPU
		Debug|x64 = Debug|x64
		Debug|x86 = Debug|x86
		Release|Any CPU = Release|Any CPU
		Release|x64 = Release|x64
		Release|x86 = Release|x86
	EndGlobalSection
	GlobalSection(ProjectConfigurationPlatforms) = postSolution
		{AD06E313-6EAF-49F2-9C42-3631BEAA5836}.Debug|Any CPU.ActiveCfg = Debug|Any CPU
		{AD06E313-6EAF-49F2-9C42-3631BEAA5836}.Debug|Any CPU.Build.0 = Debug|Any CPU
		{AD06E313-6EAF-49F2-9C42-3631BEAA5836}.Debug|x64.ActiveCfg = Debug|Any CPU
		{AD06E313-6EAF-49F2-9C42-3631BEAA5836}.Debug|x64.Build.0 = Debug|Any CPU
		{AD06E313-6EAF-49F2-9C42-3631BEAA5836}.Debug|x86.ActiveCfg = Debug|Any CPU
		{AD06E313-6EAF-49F2-9C42-3631BEAA5836}.Debug|x86.Build.0 = Debug|Any CPU
		{AD06E313-6EAF-49F2-9C42-3631BEAA5836}.Release|Any CPU.ActiveCfg = Release|Any CPU
		{AD06E313-6EAF-49F2-9C42-3631BEAA5836}.Release|Any CPU.Build.0 = Release|Any CPU
		{AD06E313-6EAF-49F2-9C42-3631BEAA5836}.Release|x64.ActiveCfg = Release|Any CPU
		{AD06E313-6EAF-49F2-9C42-3631BEAA5836}.Release|x64.Build.0 = Release|Any CPU
		{AD06E313-6EAF-49F2-9C42-3631BEAA5836}.Release|x86.ActiveCfg = Release|Any CPU
		{AD06E313-6EAF-49F2-9C42-3631BEAA5836}.Release|x86.Build.0 = Release|Any CPU
		{EEC19417-9B99-4EF1-99CB-FA4C85C60892}.Debug|Any CPU.ActiveCfg = Debug|Any CPU
		{EEC19417-9B99-4EF1-99CB-FA4C85C60892}.Debug|Any CPU.Build.0 = Debug|Any CPU
		{EEC19417-9B99-4EF1-99CB-FA4C85C60892}.Debug|x64.ActiveCfg = Debug|Any CPU
		{EEC19417-9B99-4EF1-99CB-FA4C85C60892}.Debug|x64.Build.0 = Debug|Any CPU
		{EEC19417-9B99-4EF1-99CB-FA4C85C60892}.Debug|x86.ActiveCfg = Debug|Any CPU
		{EEC19417-9B99-4EF1-99CB-FA4C85C60892}.Debug|x86.Build.0 = Debug|Any CPU
		{EEC19417-9B99-4EF1-99CB-FA4C85C60892}.Release|Any CPU.ActiveCfg = Release|Any CPU
		{EEC19417-9B99-4EF1-99CB-FA4C85C60892}.Release|Any CPU.Build.0 = Release|Any CPU
		{EEC19417-9B99-4EF1-99CB-FA4C85C60892}.Release|x64.ActiveCfg = Release|Any CPU
		{EEC19417-9B99-4EF1-99CB-FA4C85C60892}.Release|x64.Build.0 = Release|Any CPU
		{EEC19417-9B99-4EF1-99CB-FA4C85C60892}.Release|x86.ActiveCfg = Release|Any CPU
		{EEC19417-9B99-4EF1-99CB-FA4C85C60892}.Release|x86.Build.0 = Release|Any CPU
		{2F2A6434-38BF-402A-9FC9-40D587F084A0}.Debug|Any CPU.ActiveCfg = Debug|Any CPU
		{2F2A6434-38BF-402A-9FC9-40D587F084A0}.Debug|Any CPU.Build.0 = Debug|Any CPU
		{2F2A6434-38BF-402A-9FC9-40D587F084A0}.Debug|x64.ActiveCfg = Debug|Any CPU
		{2F2A6434-38BF-402A-9FC9-40D587F084A0}.Debug|x64.Build.0 = Debug|Any CPU
		{2F2A6434-38BF-402A-9FC9-40D587F084A0}.Debug|x86.ActiveCfg = Debug|Any CPU
		{2F2A6434-38BF-402A-9FC9-40D587F084A0}.Debug|x86.Build.0 = Debug|Any CPU
		{2F2A6434-38BF-402A-9FC9-40D587F084A0}.Release|Any CPU.ActiveCfg = Release|Any CPU
		{2F2A6434-38BF-402A-9FC9-40D587F084A0}.Release|Any CPU.Build.0 = Release|Any CPU
		{2F2A6434-38BF-402A-9FC9-40D587F084A0}.Release|x64.ActiveCfg = Release|Any CPU
		{2F2A6434-38BF-402A-9FC9-40D587F084A0}.Release|x64.Build.0 = Release|Any CPU
		{2F2A6434-38BF-402A-9FC9-40D587F084A0}.Release|x86.ActiveCfg = Release|Any CPU
		{2F2A6434-38BF-402A-9FC9-40D587F084A0}.Release|x86.Build.0 = Release|Any CPU
		{35548C29-5844-4EFC-AEBF-A5F40AE89AE4}.Debug|Any CPU.ActiveCfg = Debug|Any CPU
		{35548C29-5844-4EFC-AEBF-A5F40AE89AE4}.Debug|Any CPU.Build.0 = Debug|Any CPU
		{35548C29-5844-4EFC-AEBF-A5F40AE89AE4}.Debug|x64.ActiveCfg = Debug|Any CPU
		{35548C29-5844-4EFC-AEBF-A5F40AE89AE4}.Debug|x64.Build.0 = Debug|Any CPU
		{35548C29-5844-4EFC-AEBF-A5F40AE89AE4}.Debug|x86.ActiveCfg = Debug|Any CPU
		{35548C29-5844-4EFC-AEBF-A5F40AE89AE4}.Debug|x86.Build.0 = Debug|Any CPU
		{35548C29-5844-4EFC-AEBF-A5F40AE89AE4}.Release|Any CPU.ActiveCfg = Release|Any CPU
		{35548C29-5844-4EFC-AEBF-A5F40AE89AE4}.Release|Any CPU.Build.0 = Release|Any CPU
		{35548C29-5844-4EFC-AEBF-A5F40AE89AE4}.Release|x64.ActiveCfg = Release|Any CPU
		{35548C29-5844-4EFC-AEBF-A5F40AE89AE4}.Release|x64.Build.0 = Release|Any CPU
		{35548C29-5844-4EFC-AEBF-A5F40AE89AE4}.Release|x86.ActiveCfg = Release|Any CPU
		{35548C29-5844-4EFC-AEBF-A5F40AE89AE4}.Release|x86.Build.0 = Release|Any CPU
		{222F14A4-3F74-42E4-AD43-3F3B77D59EA8}.Debug|Any CPU.ActiveCfg = Debug|Any CPU
		{222F14A4-3F74-42E4-AD43-3F3B77D59EA8}.Debug|Any CPU.Build.0 = Debug|Any CPU
		{222F14A4-3F74-42E4-AD43-3F3B77D59EA8}.Debug|x64.ActiveCfg = Debug|Any CPU
		{222F14A4-3F74-42E4-AD43-3F3B77D59EA8}.Debug|x64.Build.0 = Debug|Any CPU
		{222F14A4-3F74-42E4-AD43-3F3B77D59EA8}.Debug|x86.ActiveCfg = Debug|Any CPU
		{222F14A4-3F74-42E4-AD43-3F3B77D59EA8}.Debug|x86.Build.0 = Debug|Any CPU
		{222F14A4-3F74-42E4-AD43-3F3B77D59EA8}.Release|Any CPU.ActiveCfg = Release|Any CPU
		{222F14A4-3F74-42E4-AD43-3F3B77D59EA8}.Release|Any CPU.Build.0 = Release|Any CPU
		{222F14A4-3F74-42E4-AD43-3F3B77D59EA8}.Release|x64.ActiveCfg = Release|Any CPU
		{222F14A4-3F74-42E4-AD43-3F3B77D59EA8}.Release|x64.Build.0 = Release|Any CPU
		{222F14A4-3F74-42E4-AD43-3F3B77D59EA8}.Release|x86.ActiveCfg = Release|Any CPU
		{222F14A4-3F74-42E4-AD43-3F3B77D59EA8}.Release|x86.Build.0 = Release|Any CPU
		{E32E3B6E-ED1F-4BC5-ACFC-2E198270AC1C}.Debug|Any CPU.ActiveCfg = Debug|Any CPU
		{E32E3B6E-ED1F-4BC5-ACFC-2E198270AC1C}.Debug|Any CPU.Build.0 = Debug|Any CPU
		{E32E3B6E-ED1F-4BC5-ACFC-2E198270AC1C}.Debug|x64.ActiveCfg = Debug|Any CPU
		{E32E3B6E-ED1F-4BC5-ACFC-2E198270AC1C}.Debug|x64.Build.0 = Debug|Any CPU
		{E32E3B6E-ED1F-4BC5-ACFC-2E198270AC1C}.Debug|x86.ActiveCfg = Debug|Any CPU
		{E32E3B6E-ED1F-4BC5-ACFC-2E198270AC1C}.Debug|x86.Build.0 = Debug|Any CPU
		{E32E3B6E-ED1F-4BC5-ACFC-2E198270AC1C}.Release|Any CPU.ActiveCfg = Release|Any CPU
		{E32E3B6E-ED1F-4BC5-ACFC-2E198270AC1C}.Release|Any CPU.Build.0 = Release|Any CPU
		{E32E3B6E-ED1F-4BC5-ACFC-2E198270AC1C}.Release|x64.ActiveCfg = Release|Any CPU
		{E32E3B6E-ED1F-4BC5-ACFC-2E198270AC1C}.Release|x64.Build.0 = Release|Any CPU
		{E32E3B6E-ED1F-4BC5-ACFC-2E198270AC1C}.Release|x86.ActiveCfg = Release|Any CPU
		{E32E3B6E-ED1F-4BC5-ACFC-2E198270AC1C}.Release|x86.Build.0 = Release|Any CPU
		{04845B04-475C-4987-B960-C69C2B182B63}.Debug|Any CPU.ActiveCfg = Debug|Any CPU
		{04845B04-475C-4987-B960-C69C2B182B63}.Debug|Any CPU.Build.0 = Debug|Any CPU
		{04845B04-475C-4987-B960-C69C2B182B63}.Debug|x64.ActiveCfg = Debug|Any CPU
		{04845B04-475C-4987-B960-C69C2B182B63}.Debug|x64.Build.0 = Debug|Any CPU
		{04845B04-475C-4987-B960-C69C2B182B63}.Debug|x86.ActiveCfg = Debug|Any CPU
		{04845B04-475C-4987-B960-C69C2B182B63}.Debug|x86.Build.0 = Debug|Any CPU
		{04845B04-475C-4987-B960-C69C2B182B63}.Release|Any CPU.ActiveCfg = Release|Any CPU
		{04845B04-475C-4987-B960-C69C2B182B63}.Release|Any CPU.Build.0 = Release|Any CPU
		{04845B04-475C-4987-B960-C69C2B182B63}.Release|x64.ActiveCfg = Release|Any CPU
		{04845B04-475C-4987-B960-C69C2B182B63}.Release|x64.Build.0 = Release|Any CPU
		{04845B04-475C-4987-B960-C69C2B182B63}.Release|x86.ActiveCfg = Release|Any CPU
		{04845B04-475C-4987-B960-C69C2B182B63}.Release|x86.Build.0 = Release|Any CPU
		{190F5183-2430-4515-B99D-67AA82D6A5DB}.Debug|Any CPU.ActiveCfg = Debug|Any CPU
		{190F5183-2430-4515-B99D-67AA82D6A5DB}.Debug|Any CPU.Build.0 = Debug|Any CPU
		{190F5183-2430-4515-B99D-67AA82D6A5DB}.Debug|x64.ActiveCfg = Debug|Any CPU
		{190F5183-2430-4515-B99D-67AA82D6A5DB}.Debug|x64.Build.0 = Debug|Any CPU
		{190F5183-2430-4515-B99D-67AA82D6A5DB}.Debug|x86.ActiveCfg = Debug|Any CPU
		{190F5183-2430-4515-B99D-67AA82D6A5DB}.Debug|x86.Build.0 = Debug|Any CPU
		{190F5183-2430-4515-B99D-67AA82D6A5DB}.Release|Any CPU.ActiveCfg = Release|Any CPU
		{190F5183-2430-4515-B99D-67AA82D6A5DB}.Release|Any CPU.Build.0 = Release|Any CPU
		{190F5183-2430-4515-B99D-67AA82D6A5DB}.Release|x64.ActiveCfg = Release|Any CPU
		{190F5183-2430-4515-B99D-67AA82D6A5DB}.Release|x64.Build.0 = Release|Any CPU
		{190F5183-2430-4515-B99D-67AA82D6A5DB}.Release|x86.ActiveCfg = Release|Any CPU
		{190F5183-2430-4515-B99D-67AA82D6A5DB}.Release|x86.Build.0 = Release|Any CPU
		{43EEC4C2-5D2A-4B14-9051-E7A1E41A59B6}.Debug|Any CPU.ActiveCfg = Debug|Any CPU
		{43EEC4C2-5D2A-4B14-9051-E7A1E41A59B6}.Debug|Any CPU.Build.0 = Debug|Any CPU
		{43EEC4C2-5D2A-4B14-9051-E7A1E41A59B6}.Debug|x64.ActiveCfg = Debug|Any CPU
		{43EEC4C2-5D2A-4B14-9051-E7A1E41A59B6}.Debug|x64.Build.0 = Debug|Any CPU
		{43EEC4C2-5D2A-4B14-9051-E7A1E41A59B6}.Debug|x86.ActiveCfg = Debug|Any CPU
		{43EEC4C2-5D2A-4B14-9051-E7A1E41A59B6}.Debug|x86.Build.0 = Debug|Any CPU
		{43EEC4C2-5D2A-4B14-9051-E7A1E41A59B6}.Release|Any CPU.ActiveCfg = Release|Any CPU
		{43EEC4C2-5D2A-4B14-9051-E7A1E41A59B6}.Release|Any CPU.Build.0 = Release|Any CPU
		{43EEC4C2-5D2A-4B14-9051-E7A1E41A59B6}.Release|x64.ActiveCfg = Release|Any CPU
		{43EEC4C2-5D2A-4B14-9051-E7A1E41A59B6}.Release|x64.Build.0 = Release|Any CPU
		{43EEC4C2-5D2A-4B14-9051-E7A1E41A59B6}.Release|x86.ActiveCfg = Release|Any CPU
		{43EEC4C2-5D2A-4B14-9051-E7A1E41A59B6}.Release|x86.Build.0 = Release|Any CPU
		{CB8636B7-B102-4B2D-AA94-7BA717F93535}.Debug|Any CPU.ActiveCfg = Debug|Any CPU
		{CB8636B7-B102-4B2D-AA94-7BA717F93535}.Debug|Any CPU.Build.0 = Debug|Any CPU
		{CB8636B7-B102-4B2D-AA94-7BA717F93535}.Debug|x64.ActiveCfg = Debug|Any CPU
		{CB8636B7-B102-4B2D-AA94-7BA717F93535}.Debug|x64.Build.0 = Debug|Any CPU
		{CB8636B7-B102-4B2D-AA94-7BA717F93535}.Debug|x86.ActiveCfg = Debug|Any CPU
		{CB8636B7-B102-4B2D-AA94-7BA717F93535}.Debug|x86.Build.0 = Debug|Any CPU
		{CB8636B7-B102-4B2D-AA94-7BA717F93535}.Release|Any CPU.ActiveCfg = Release|Any CPU
		{CB8636B7-B102-4B2D-AA94-7BA717F93535}.Release|Any CPU.Build.0 = Release|Any CPU
		{CB8636B7-B102-4B2D-AA94-7BA717F93535}.Release|x64.ActiveCfg = Release|Any CPU
		{CB8636B7-B102-4B2D-AA94-7BA717F93535}.Release|x64.Build.0 = Release|Any CPU
		{CB8636B7-B102-4B2D-AA94-7BA717F93535}.Release|x86.ActiveCfg = Release|Any CPU
		{CB8636B7-B102-4B2D-AA94-7BA717F93535}.Release|x86.Build.0 = Release|Any CPU
		{114F18F0-82DA-43EE-9668-F79D45195290}.Debug|Any CPU.ActiveCfg = Debug|Any CPU
		{114F18F0-82DA-43EE-9668-F79D45195290}.Debug|Any CPU.Build.0 = Debug|Any CPU
		{114F18F0-82DA-43EE-9668-F79D45195290}.Debug|x64.ActiveCfg = Debug|Any CPU
		{114F18F0-82DA-43EE-9668-F79D45195290}.Debug|x64.Build.0 = Debug|Any CPU
		{114F18F0-82DA-43EE-9668-F79D45195290}.Debug|x86.ActiveCfg = Debug|Any CPU
		{114F18F0-82DA-43EE-9668-F79D45195290}.Debug|x86.Build.0 = Debug|Any CPU
		{114F18F0-82DA-43EE-9668-F79D45195290}.Release|Any CPU.ActiveCfg = Release|Any CPU
		{114F18F0-82DA-43EE-9668-F79D45195290}.Release|Any CPU.Build.0 = Release|Any CPU
		{114F18F0-82DA-43EE-9668-F79D45195290}.Release|x64.ActiveCfg = Release|Any CPU
		{114F18F0-82DA-43EE-9668-F79D45195290}.Release|x64.Build.0 = Release|Any CPU
		{114F18F0-82DA-43EE-9668-F79D45195290}.Release|x86.ActiveCfg = Release|Any CPU
		{114F18F0-82DA-43EE-9668-F79D45195290}.Release|x86.Build.0 = Release|Any CPU
		{3233E982-3D06-45E9-9E03-D5EA3CED5219}.Debug|Any CPU.ActiveCfg = Debug|Any CPU
		{3233E982-3D06-45E9-9E03-D5EA3CED5219}.Debug|Any CPU.Build.0 = Debug|Any CPU
		{3233E982-3D06-45E9-9E03-D5EA3CED5219}.Debug|x64.ActiveCfg = Debug|Any CPU
		{3233E982-3D06-45E9-9E03-D5EA3CED5219}.Debug|x64.Build.0 = Debug|Any CPU
		{3233E982-3D06-45E9-9E03-D5EA3CED5219}.Debug|x86.ActiveCfg = Debug|Any CPU
		{3233E982-3D06-45E9-9E03-D5EA3CED5219}.Debug|x86.Build.0 = Debug|Any CPU
		{3233E982-3D06-45E9-9E03-D5EA3CED5219}.Release|Any CPU.ActiveCfg = Release|Any CPU
		{3233E982-3D06-45E9-9E03-D5EA3CED5219}.Release|Any CPU.Build.0 = Release|Any CPU
		{3233E982-3D06-45E9-9E03-D5EA3CED5219}.Release|x64.ActiveCfg = Release|Any CPU
		{3233E982-3D06-45E9-9E03-D5EA3CED5219}.Release|x64.Build.0 = Release|Any CPU
		{3233E982-3D06-45E9-9E03-D5EA3CED5219}.Release|x86.ActiveCfg = Release|Any CPU
		{3233E982-3D06-45E9-9E03-D5EA3CED5219}.Release|x86.Build.0 = Release|Any CPU
		{EBE1728A-49EA-44CB-AB52-E33E648866E0}.Debug|Any CPU.ActiveCfg = Debug|Any CPU
		{EBE1728A-49EA-44CB-AB52-E33E648866E0}.Debug|Any CPU.Build.0 = Debug|Any CPU
		{EBE1728A-49EA-44CB-AB52-E33E648866E0}.Debug|x64.ActiveCfg = Debug|Any CPU
		{EBE1728A-49EA-44CB-AB52-E33E648866E0}.Debug|x64.Build.0 = Debug|Any CPU
		{EBE1728A-49EA-44CB-AB52-E33E648866E0}.Debug|x86.ActiveCfg = Debug|Any CPU
		{EBE1728A-49EA-44CB-AB52-E33E648866E0}.Debug|x86.Build.0 = Debug|Any CPU
		{EBE1728A-49EA-44CB-AB52-E33E648866E0}.Release|Any CPU.ActiveCfg = Release|Any CPU
		{EBE1728A-49EA-44CB-AB52-E33E648866E0}.Release|Any CPU.Build.0 = Release|Any CPU
		{EBE1728A-49EA-44CB-AB52-E33E648866E0}.Release|x64.ActiveCfg = Release|Any CPU
		{EBE1728A-49EA-44CB-AB52-E33E648866E0}.Release|x64.Build.0 = Release|Any CPU
		{EBE1728A-49EA-44CB-AB52-E33E648866E0}.Release|x86.ActiveCfg = Release|Any CPU
		{EBE1728A-49EA-44CB-AB52-E33E648866E0}.Release|x86.Build.0 = Release|Any CPU
		{7B34BBEC-2D6A-48A6-8FD0-38545E797CC9}.Debug|Any CPU.ActiveCfg = Debug|Any CPU
		{7B34BBEC-2D6A-48A6-8FD0-38545E797CC9}.Debug|Any CPU.Build.0 = Debug|Any CPU
		{7B34BBEC-2D6A-48A6-8FD0-38545E797CC9}.Debug|x64.ActiveCfg = Debug|Any CPU
		{7B34BBEC-2D6A-48A6-8FD0-38545E797CC9}.Debug|x64.Build.0 = Debug|Any CPU
		{7B34BBEC-2D6A-48A6-8FD0-38545E797CC9}.Debug|x86.ActiveCfg = Debug|Any CPU
		{7B34BBEC-2D6A-48A6-8FD0-38545E797CC9}.Debug|x86.Build.0 = Debug|Any CPU
		{7B34BBEC-2D6A-48A6-8FD0-38545E797CC9}.Release|Any CPU.ActiveCfg = Release|Any CPU
		{7B34BBEC-2D6A-48A6-8FD0-38545E797CC9}.Release|Any CPU.Build.0 = Release|Any CPU
		{7B34BBEC-2D6A-48A6-8FD0-38545E797CC9}.Release|x64.ActiveCfg = Release|Any CPU
		{7B34BBEC-2D6A-48A6-8FD0-38545E797CC9}.Release|x64.Build.0 = Release|Any CPU
		{7B34BBEC-2D6A-48A6-8FD0-38545E797CC9}.Release|x86.ActiveCfg = Release|Any CPU
		{7B34BBEC-2D6A-48A6-8FD0-38545E797CC9}.Release|x86.Build.0 = Release|Any CPU
		{1AEEC8C3-3572-46A1-8FF6-ACCDCEABC021}.Debug|Any CPU.ActiveCfg = Debug|Any CPU
		{1AEEC8C3-3572-46A1-8FF6-ACCDCEABC021}.Debug|Any CPU.Build.0 = Debug|Any CPU
		{1AEEC8C3-3572-46A1-8FF6-ACCDCEABC021}.Debug|x64.ActiveCfg = Debug|Any CPU
		{1AEEC8C3-3572-46A1-8FF6-ACCDCEABC021}.Debug|x64.Build.0 = Debug|Any CPU
		{1AEEC8C3-3572-46A1-8FF6-ACCDCEABC021}.Debug|x86.ActiveCfg = Debug|Any CPU
		{1AEEC8C3-3572-46A1-8FF6-ACCDCEABC021}.Debug|x86.Build.0 = Debug|Any CPU
		{1AEEC8C3-3572-46A1-8FF6-ACCDCEABC021}.Release|Any CPU.ActiveCfg = Release|Any CPU
		{1AEEC8C3-3572-46A1-8FF6-ACCDCEABC021}.Release|Any CPU.Build.0 = Release|Any CPU
		{1AEEC8C3-3572-46A1-8FF6-ACCDCEABC021}.Release|x64.ActiveCfg = Release|Any CPU
		{1AEEC8C3-3572-46A1-8FF6-ACCDCEABC021}.Release|x64.Build.0 = Release|Any CPU
		{1AEEC8C3-3572-46A1-8FF6-ACCDCEABC021}.Release|x86.ActiveCfg = Release|Any CPU
		{1AEEC8C3-3572-46A1-8FF6-ACCDCEABC021}.Release|x86.Build.0 = Release|Any CPU
		{B64B3AA8-9440-4533-9BA9-A4FA3450CF3E}.Debug|Any CPU.ActiveCfg = Debug|Any CPU
		{B64B3AA8-9440-4533-9BA9-A4FA3450CF3E}.Debug|Any CPU.Build.0 = Debug|Any CPU
		{B64B3AA8-9440-4533-9BA9-A4FA3450CF3E}.Debug|x64.ActiveCfg = Debug|Any CPU
		{B64B3AA8-9440-4533-9BA9-A4FA3450CF3E}.Debug|x64.Build.0 = Debug|Any CPU
		{B64B3AA8-9440-4533-9BA9-A4FA3450CF3E}.Debug|x86.ActiveCfg = Debug|Any CPU
		{B64B3AA8-9440-4533-9BA9-A4FA3450CF3E}.Debug|x86.Build.0 = Debug|Any CPU
		{B64B3AA8-9440-4533-9BA9-A4FA3450CF3E}.Release|Any CPU.ActiveCfg = Release|Any CPU
		{B64B3AA8-9440-4533-9BA9-A4FA3450CF3E}.Release|Any CPU.Build.0 = Release|Any CPU
		{B64B3AA8-9440-4533-9BA9-A4FA3450CF3E}.Release|x64.ActiveCfg = Release|Any CPU
		{B64B3AA8-9440-4533-9BA9-A4FA3450CF3E}.Release|x64.Build.0 = Release|Any CPU
		{B64B3AA8-9440-4533-9BA9-A4FA3450CF3E}.Release|x86.ActiveCfg = Release|Any CPU
		{B64B3AA8-9440-4533-9BA9-A4FA3450CF3E}.Release|x86.Build.0 = Release|Any CPU
		{3DED43E1-56C7-4CE8-86DF-219E7A86BE41}.Debug|Any CPU.ActiveCfg = Debug|Any CPU
		{3DED43E1-56C7-4CE8-86DF-219E7A86BE41}.Debug|Any CPU.Build.0 = Debug|Any CPU
		{3DED43E1-56C7-4CE8-86DF-219E7A86BE41}.Debug|x64.ActiveCfg = Debug|Any CPU
		{3DED43E1-56C7-4CE8-86DF-219E7A86BE41}.Debug|x64.Build.0 = Debug|Any CPU
		{3DED43E1-56C7-4CE8-86DF-219E7A86BE41}.Debug|x86.ActiveCfg = Debug|Any CPU
		{3DED43E1-56C7-4CE8-86DF-219E7A86BE41}.Debug|x86.Build.0 = Debug|Any CPU
		{3DED43E1-56C7-4CE8-86DF-219E7A86BE41}.Release|Any CPU.ActiveCfg = Release|Any CPU
		{3DED43E1-56C7-4CE8-86DF-219E7A86BE41}.Release|Any CPU.Build.0 = Release|Any CPU
		{3DED43E1-56C7-4CE8-86DF-219E7A86BE41}.Release|x64.ActiveCfg = Release|Any CPU
		{3DED43E1-56C7-4CE8-86DF-219E7A86BE41}.Release|x64.Build.0 = Release|Any CPU
		{3DED43E1-56C7-4CE8-86DF-219E7A86BE41}.Release|x86.ActiveCfg = Release|Any CPU
		{3DED43E1-56C7-4CE8-86DF-219E7A86BE41}.Release|x86.Build.0 = Release|Any CPU
		{9FEFF544-BB49-4431-95B3-C445BC5CB5AF}.Debug|Any CPU.ActiveCfg = Debug|Any CPU
		{9FEFF544-BB49-4431-95B3-C445BC5CB5AF}.Debug|Any CPU.Build.0 = Debug|Any CPU
		{9FEFF544-BB49-4431-95B3-C445BC5CB5AF}.Debug|x64.ActiveCfg = Debug|Any CPU
		{9FEFF544-BB49-4431-95B3-C445BC5CB5AF}.Debug|x64.Build.0 = Debug|Any CPU
		{9FEFF544-BB49-4431-95B3-C445BC5CB5AF}.Debug|x86.ActiveCfg = Debug|Any CPU
		{9FEFF544-BB49-4431-95B3-C445BC5CB5AF}.Debug|x86.Build.0 = Debug|Any CPU
		{9FEFF544-BB49-4431-95B3-C445BC5CB5AF}.Release|Any CPU.ActiveCfg = Release|Any CPU
		{9FEFF544-BB49-4431-95B3-C445BC5CB5AF}.Release|Any CPU.Build.0 = Release|Any CPU
		{9FEFF544-BB49-4431-95B3-C445BC5CB5AF}.Release|x64.ActiveCfg = Release|Any CPU
		{9FEFF544-BB49-4431-95B3-C445BC5CB5AF}.Release|x64.Build.0 = Release|Any CPU
		{9FEFF544-BB49-4431-95B3-C445BC5CB5AF}.Release|x86.ActiveCfg = Release|Any CPU
		{9FEFF544-BB49-4431-95B3-C445BC5CB5AF}.Release|x86.Build.0 = Release|Any CPU
		{F3A9C6A0-823E-4740-B249-86FDFF94D66D}.Debug|Any CPU.ActiveCfg = Debug|Any CPU
		{F3A9C6A0-823E-4740-B249-86FDFF94D66D}.Debug|Any CPU.Build.0 = Debug|Any CPU
		{F3A9C6A0-823E-4740-B249-86FDFF94D66D}.Debug|x64.ActiveCfg = Debug|Any CPU
		{F3A9C6A0-823E-4740-B249-86FDFF94D66D}.Debug|x64.Build.0 = Debug|Any CPU
		{F3A9C6A0-823E-4740-B249-86FDFF94D66D}.Debug|x86.ActiveCfg = Debug|Any CPU
		{F3A9C6A0-823E-4740-B249-86FDFF94D66D}.Debug|x86.Build.0 = Debug|Any CPU
		{F3A9C6A0-823E-4740-B249-86FDFF94D66D}.Release|Any CPU.ActiveCfg = Release|Any CPU
		{F3A9C6A0-823E-4740-B249-86FDFF94D66D}.Release|Any CPU.Build.0 = Release|Any CPU
		{F3A9C6A0-823E-4740-B249-86FDFF94D66D}.Release|x64.ActiveCfg = Release|Any CPU
		{F3A9C6A0-823E-4740-B249-86FDFF94D66D}.Release|x64.Build.0 = Release|Any CPU
		{F3A9C6A0-823E-4740-B249-86FDFF94D66D}.Release|x86.ActiveCfg = Release|Any CPU
		{F3A9C6A0-823E-4740-B249-86FDFF94D66D}.Release|x86.Build.0 = Release|Any CPU
		{DE50897F-7D2B-4632-BBAC-BEB83FA78B73}.Debug|Any CPU.ActiveCfg = Debug|Any CPU
		{DE50897F-7D2B-4632-BBAC-BEB83FA78B73}.Debug|Any CPU.Build.0 = Debug|Any CPU
		{DE50897F-7D2B-4632-BBAC-BEB83FA78B73}.Debug|x64.ActiveCfg = Debug|Any CPU
		{DE50897F-7D2B-4632-BBAC-BEB83FA78B73}.Debug|x64.Build.0 = Debug|Any CPU
		{DE50897F-7D2B-4632-BBAC-BEB83FA78B73}.Debug|x86.ActiveCfg = Debug|Any CPU
		{DE50897F-7D2B-4632-BBAC-BEB83FA78B73}.Debug|x86.Build.0 = Debug|Any CPU
		{DE50897F-7D2B-4632-BBAC-BEB83FA78B73}.Release|Any CPU.ActiveCfg = Release|Any CPU
		{DE50897F-7D2B-4632-BBAC-BEB83FA78B73}.Release|Any CPU.Build.0 = Release|Any CPU
		{DE50897F-7D2B-4632-BBAC-BEB83FA78B73}.Release|x64.ActiveCfg = Release|Any CPU
		{DE50897F-7D2B-4632-BBAC-BEB83FA78B73}.Release|x64.Build.0 = Release|Any CPU
		{DE50897F-7D2B-4632-BBAC-BEB83FA78B73}.Release|x86.ActiveCfg = Release|Any CPU
		{DE50897F-7D2B-4632-BBAC-BEB83FA78B73}.Release|x86.Build.0 = Release|Any CPU
		{BDF0F2F9-BB13-4539-A151-7E4541C1A8D3}.Debug|Any CPU.ActiveCfg = Debug|Any CPU
		{BDF0F2F9-BB13-4539-A151-7E4541C1A8D3}.Debug|Any CPU.Build.0 = Debug|Any CPU
		{BDF0F2F9-BB13-4539-A151-7E4541C1A8D3}.Debug|x64.ActiveCfg = Debug|Any CPU
		{BDF0F2F9-BB13-4539-A151-7E4541C1A8D3}.Debug|x64.Build.0 = Debug|Any CPU
		{BDF0F2F9-BB13-4539-A151-7E4541C1A8D3}.Debug|x86.ActiveCfg = Debug|Any CPU
		{BDF0F2F9-BB13-4539-A151-7E4541C1A8D3}.Debug|x86.Build.0 = Debug|Any CPU
		{BDF0F2F9-BB13-4539-A151-7E4541C1A8D3}.Release|Any CPU.ActiveCfg = Release|Any CPU
		{BDF0F2F9-BB13-4539-A151-7E4541C1A8D3}.Release|Any CPU.Build.0 = Release|Any CPU
		{BDF0F2F9-BB13-4539-A151-7E4541C1A8D3}.Release|x64.ActiveCfg = Release|Any CPU
		{BDF0F2F9-BB13-4539-A151-7E4541C1A8D3}.Release|x64.Build.0 = Release|Any CPU
		{BDF0F2F9-BB13-4539-A151-7E4541C1A8D3}.Release|x86.ActiveCfg = Release|Any CPU
		{BDF0F2F9-BB13-4539-A151-7E4541C1A8D3}.Release|x86.Build.0 = Release|Any CPU
		{8B5CAFBF-0036-46B6-AFCA-4EFAC7376C00}.Debug|Any CPU.ActiveCfg = Debug|Any CPU
		{8B5CAFBF-0036-46B6-AFCA-4EFAC7376C00}.Debug|Any CPU.Build.0 = Debug|Any CPU
		{8B5CAFBF-0036-46B6-AFCA-4EFAC7376C00}.Debug|x64.ActiveCfg = Debug|Any CPU
		{8B5CAFBF-0036-46B6-AFCA-4EFAC7376C00}.Debug|x64.Build.0 = Debug|Any CPU
		{8B5CAFBF-0036-46B6-AFCA-4EFAC7376C00}.Debug|x86.ActiveCfg = Debug|Any CPU
		{8B5CAFBF-0036-46B6-AFCA-4EFAC7376C00}.Debug|x86.Build.0 = Debug|Any CPU
		{8B5CAFBF-0036-46B6-AFCA-4EFAC7376C00}.Release|Any CPU.ActiveCfg = Release|Any CPU
		{8B5CAFBF-0036-46B6-AFCA-4EFAC7376C00}.Release|Any CPU.Build.0 = Release|Any CPU
		{8B5CAFBF-0036-46B6-AFCA-4EFAC7376C00}.Release|x64.ActiveCfg = Release|Any CPU
		{8B5CAFBF-0036-46B6-AFCA-4EFAC7376C00}.Release|x64.Build.0 = Release|Any CPU
		{8B5CAFBF-0036-46B6-AFCA-4EFAC7376C00}.Release|x86.ActiveCfg = Release|Any CPU
		{8B5CAFBF-0036-46B6-AFCA-4EFAC7376C00}.Release|x86.Build.0 = Release|Any CPU
		{E83221D7-9CCD-4A3B-9174-A07B1C7CA983}.Debug|Any CPU.ActiveCfg = Debug|Any CPU
		{E83221D7-9CCD-4A3B-9174-A07B1C7CA983}.Debug|Any CPU.Build.0 = Debug|Any CPU
		{E83221D7-9CCD-4A3B-9174-A07B1C7CA983}.Debug|x64.ActiveCfg = Debug|Any CPU
		{E83221D7-9CCD-4A3B-9174-A07B1C7CA983}.Debug|x64.Build.0 = Debug|Any CPU
		{E83221D7-9CCD-4A3B-9174-A07B1C7CA983}.Debug|x86.ActiveCfg = Debug|Any CPU
		{E83221D7-9CCD-4A3B-9174-A07B1C7CA983}.Debug|x86.Build.0 = Debug|Any CPU
		{E83221D7-9CCD-4A3B-9174-A07B1C7CA983}.Release|Any CPU.ActiveCfg = Release|Any CPU
		{E83221D7-9CCD-4A3B-9174-A07B1C7CA983}.Release|Any CPU.Build.0 = Release|Any CPU
		{E83221D7-9CCD-4A3B-9174-A07B1C7CA983}.Release|x64.ActiveCfg = Release|Any CPU
		{E83221D7-9CCD-4A3B-9174-A07B1C7CA983}.Release|x64.Build.0 = Release|Any CPU
		{E83221D7-9CCD-4A3B-9174-A07B1C7CA983}.Release|x86.ActiveCfg = Release|Any CPU
		{E83221D7-9CCD-4A3B-9174-A07B1C7CA983}.Release|x86.Build.0 = Release|Any CPU
		{D5C69CB1-57A5-481B-9D5A-BCC910E003E9}.Debug|Any CPU.ActiveCfg = Debug|Any CPU
		{D5C69CB1-57A5-481B-9D5A-BCC910E003E9}.Debug|Any CPU.Build.0 = Debug|Any CPU
		{D5C69CB1-57A5-481B-9D5A-BCC910E003E9}.Debug|x64.ActiveCfg = Debug|Any CPU
		{D5C69CB1-57A5-481B-9D5A-BCC910E003E9}.Debug|x64.Build.0 = Debug|Any CPU
		{D5C69CB1-57A5-481B-9D5A-BCC910E003E9}.Debug|x86.ActiveCfg = Debug|Any CPU
		{D5C69CB1-57A5-481B-9D5A-BCC910E003E9}.Debug|x86.Build.0 = Debug|Any CPU
		{D5C69CB1-57A5-481B-9D5A-BCC910E003E9}.Release|Any CPU.ActiveCfg = Release|Any CPU
		{D5C69CB1-57A5-481B-9D5A-BCC910E003E9}.Release|Any CPU.Build.0 = Release|Any CPU
		{D5C69CB1-57A5-481B-9D5A-BCC910E003E9}.Release|x64.ActiveCfg = Release|Any CPU
		{D5C69CB1-57A5-481B-9D5A-BCC910E003E9}.Release|x64.Build.0 = Release|Any CPU
		{D5C69CB1-57A5-481B-9D5A-BCC910E003E9}.Release|x86.ActiveCfg = Release|Any CPU
		{D5C69CB1-57A5-481B-9D5A-BCC910E003E9}.Release|x86.Build.0 = Release|Any CPU
		{CA0928BD-DF12-4DB3-95F5-E079223B4023}.Debug|Any CPU.ActiveCfg = Debug|Any CPU
		{CA0928BD-DF12-4DB3-95F5-E079223B4023}.Debug|Any CPU.Build.0 = Debug|Any CPU
		{CA0928BD-DF12-4DB3-95F5-E079223B4023}.Debug|x64.ActiveCfg = Debug|Any CPU
		{CA0928BD-DF12-4DB3-95F5-E079223B4023}.Debug|x64.Build.0 = Debug|Any CPU
		{CA0928BD-DF12-4DB3-95F5-E079223B4023}.Debug|x86.ActiveCfg = Debug|Any CPU
		{CA0928BD-DF12-4DB3-95F5-E079223B4023}.Debug|x86.Build.0 = Debug|Any CPU
		{CA0928BD-DF12-4DB3-95F5-E079223B4023}.Release|Any CPU.ActiveCfg = Release|Any CPU
		{CA0928BD-DF12-4DB3-95F5-E079223B4023}.Release|Any CPU.Build.0 = Release|Any CPU
		{CA0928BD-DF12-4DB3-95F5-E079223B4023}.Release|x64.ActiveCfg = Release|Any CPU
		{CA0928BD-DF12-4DB3-95F5-E079223B4023}.Release|x64.Build.0 = Release|Any CPU
		{CA0928BD-DF12-4DB3-95F5-E079223B4023}.Release|x86.ActiveCfg = Release|Any CPU
		{CA0928BD-DF12-4DB3-95F5-E079223B4023}.Release|x86.Build.0 = Release|Any CPU
		{4E817583-FC4D-4F12-84E3-CF8BB3C68D95}.Debug|Any CPU.ActiveCfg = Debug|Any CPU
		{4E817583-FC4D-4F12-84E3-CF8BB3C68D95}.Debug|Any CPU.Build.0 = Debug|Any CPU
		{4E817583-FC4D-4F12-84E3-CF8BB3C68D95}.Debug|x64.ActiveCfg = Debug|Any CPU
		{4E817583-FC4D-4F12-84E3-CF8BB3C68D95}.Debug|x64.Build.0 = Debug|Any CPU
		{4E817583-FC4D-4F12-84E3-CF8BB3C68D95}.Debug|x86.ActiveCfg = Debug|Any CPU
		{4E817583-FC4D-4F12-84E3-CF8BB3C68D95}.Debug|x86.Build.0 = Debug|Any CPU
		{4E817583-FC4D-4F12-84E3-CF8BB3C68D95}.Release|Any CPU.ActiveCfg = Release|Any CPU
		{4E817583-FC4D-4F12-84E3-CF8BB3C68D95}.Release|Any CPU.Build.0 = Release|Any CPU
		{4E817583-FC4D-4F12-84E3-CF8BB3C68D95}.Release|x64.ActiveCfg = Release|Any CPU
		{4E817583-FC4D-4F12-84E3-CF8BB3C68D95}.Release|x64.Build.0 = Release|Any CPU
		{4E817583-FC4D-4F12-84E3-CF8BB3C68D95}.Release|x86.ActiveCfg = Release|Any CPU
		{4E817583-FC4D-4F12-84E3-CF8BB3C68D95}.Release|x86.Build.0 = Release|Any CPU
		{9315A789-A186-4C50-8ECC-63F6C2E4C085}.Debug|Any CPU.ActiveCfg = Debug|Any CPU
		{9315A789-A186-4C50-8ECC-63F6C2E4C085}.Debug|Any CPU.Build.0 = Debug|Any CPU
		{9315A789-A186-4C50-8ECC-63F6C2E4C085}.Debug|x64.ActiveCfg = Debug|Any CPU
		{9315A789-A186-4C50-8ECC-63F6C2E4C085}.Debug|x64.Build.0 = Debug|Any CPU
		{9315A789-A186-4C50-8ECC-63F6C2E4C085}.Debug|x86.ActiveCfg = Debug|Any CPU
		{9315A789-A186-4C50-8ECC-63F6C2E4C085}.Debug|x86.Build.0 = Debug|Any CPU
		{9315A789-A186-4C50-8ECC-63F6C2E4C085}.Release|Any CPU.ActiveCfg = Release|Any CPU
		{9315A789-A186-4C50-8ECC-63F6C2E4C085}.Release|Any CPU.Build.0 = Release|Any CPU
		{9315A789-A186-4C50-8ECC-63F6C2E4C085}.Release|x64.ActiveCfg = Release|Any CPU
		{9315A789-A186-4C50-8ECC-63F6C2E4C085}.Release|x64.Build.0 = Release|Any CPU
		{9315A789-A186-4C50-8ECC-63F6C2E4C085}.Release|x86.ActiveCfg = Release|Any CPU
		{9315A789-A186-4C50-8ECC-63F6C2E4C085}.Release|x86.Build.0 = Release|Any CPU
		{696E0BDA-EEDE-46D9-B612-952A287C7D10}.Debug|Any CPU.ActiveCfg = Debug|Any CPU
		{696E0BDA-EEDE-46D9-B612-952A287C7D10}.Debug|Any CPU.Build.0 = Debug|Any CPU
		{696E0BDA-EEDE-46D9-B612-952A287C7D10}.Debug|x64.ActiveCfg = Debug|Any CPU
		{696E0BDA-EEDE-46D9-B612-952A287C7D10}.Debug|x64.Build.0 = Debug|Any CPU
		{696E0BDA-EEDE-46D9-B612-952A287C7D10}.Debug|x86.ActiveCfg = Debug|Any CPU
		{696E0BDA-EEDE-46D9-B612-952A287C7D10}.Debug|x86.Build.0 = Debug|Any CPU
		{696E0BDA-EEDE-46D9-B612-952A287C7D10}.Release|Any CPU.ActiveCfg = Release|Any CPU
		{696E0BDA-EEDE-46D9-B612-952A287C7D10}.Release|Any CPU.Build.0 = Release|Any CPU
		{696E0BDA-EEDE-46D9-B612-952A287C7D10}.Release|x64.ActiveCfg = Release|Any CPU
		{696E0BDA-EEDE-46D9-B612-952A287C7D10}.Release|x64.Build.0 = Release|Any CPU
		{696E0BDA-EEDE-46D9-B612-952A287C7D10}.Release|x86.ActiveCfg = Release|Any CPU
		{696E0BDA-EEDE-46D9-B612-952A287C7D10}.Release|x86.Build.0 = Release|Any CPU
		{99D01DA7-BD50-4877-B46D-FF060B38B36B}.Debug|Any CPU.ActiveCfg = Debug|Any CPU
		{99D01DA7-BD50-4877-B46D-FF060B38B36B}.Debug|Any CPU.Build.0 = Debug|Any CPU
		{99D01DA7-BD50-4877-B46D-FF060B38B36B}.Debug|x64.ActiveCfg = Debug|Any CPU
		{99D01DA7-BD50-4877-B46D-FF060B38B36B}.Debug|x64.Build.0 = Debug|Any CPU
		{99D01DA7-BD50-4877-B46D-FF060B38B36B}.Debug|x86.ActiveCfg = Debug|Any CPU
		{99D01DA7-BD50-4877-B46D-FF060B38B36B}.Debug|x86.Build.0 = Debug|Any CPU
		{99D01DA7-BD50-4877-B46D-FF060B38B36B}.Release|Any CPU.ActiveCfg = Release|Any CPU
		{99D01DA7-BD50-4877-B46D-FF060B38B36B}.Release|Any CPU.Build.0 = Release|Any CPU
		{99D01DA7-BD50-4877-B46D-FF060B38B36B}.Release|x64.ActiveCfg = Release|Any CPU
		{99D01DA7-BD50-4877-B46D-FF060B38B36B}.Release|x64.Build.0 = Release|Any CPU
		{99D01DA7-BD50-4877-B46D-FF060B38B36B}.Release|x86.ActiveCfg = Release|Any CPU
		{99D01DA7-BD50-4877-B46D-FF060B38B36B}.Release|x86.Build.0 = Release|Any CPU
		{EA7366F2-0B35-4E09-84BC-31D1C99B2C6B}.Debug|Any CPU.ActiveCfg = Debug|Any CPU
		{EA7366F2-0B35-4E09-84BC-31D1C99B2C6B}.Debug|Any CPU.Build.0 = Debug|Any CPU
		{EA7366F2-0B35-4E09-84BC-31D1C99B2C6B}.Debug|x64.ActiveCfg = Debug|Any CPU
		{EA7366F2-0B35-4E09-84BC-31D1C99B2C6B}.Debug|x64.Build.0 = Debug|Any CPU
		{EA7366F2-0B35-4E09-84BC-31D1C99B2C6B}.Debug|x86.ActiveCfg = Debug|Any CPU
		{EA7366F2-0B35-4E09-84BC-31D1C99B2C6B}.Debug|x86.Build.0 = Debug|Any CPU
		{EA7366F2-0B35-4E09-84BC-31D1C99B2C6B}.Release|Any CPU.ActiveCfg = Release|Any CPU
		{EA7366F2-0B35-4E09-84BC-31D1C99B2C6B}.Release|Any CPU.Build.0 = Release|Any CPU
		{EA7366F2-0B35-4E09-84BC-31D1C99B2C6B}.Release|x64.ActiveCfg = Release|Any CPU
		{EA7366F2-0B35-4E09-84BC-31D1C99B2C6B}.Release|x64.Build.0 = Release|Any CPU
		{EA7366F2-0B35-4E09-84BC-31D1C99B2C6B}.Release|x86.ActiveCfg = Release|Any CPU
		{EA7366F2-0B35-4E09-84BC-31D1C99B2C6B}.Release|x86.Build.0 = Release|Any CPU
		{14F41291-B2E5-48D2-B421-F707D58FDE93}.Debug|Any CPU.ActiveCfg = Debug|Any CPU
		{14F41291-B2E5-48D2-B421-F707D58FDE93}.Debug|Any CPU.Build.0 = Debug|Any CPU
		{14F41291-B2E5-48D2-B421-F707D58FDE93}.Debug|x64.ActiveCfg = Debug|Any CPU
		{14F41291-B2E5-48D2-B421-F707D58FDE93}.Debug|x64.Build.0 = Debug|Any CPU
		{14F41291-B2E5-48D2-B421-F707D58FDE93}.Debug|x86.ActiveCfg = Debug|Any CPU
		{14F41291-B2E5-48D2-B421-F707D58FDE93}.Debug|x86.Build.0 = Debug|Any CPU
		{14F41291-B2E5-48D2-B421-F707D58FDE93}.Release|Any CPU.ActiveCfg = Release|Any CPU
		{14F41291-B2E5-48D2-B421-F707D58FDE93}.Release|Any CPU.Build.0 = Release|Any CPU
		{14F41291-B2E5-48D2-B421-F707D58FDE93}.Release|x64.ActiveCfg = Release|Any CPU
		{14F41291-B2E5-48D2-B421-F707D58FDE93}.Release|x64.Build.0 = Release|Any CPU
		{14F41291-B2E5-48D2-B421-F707D58FDE93}.Release|x86.ActiveCfg = Release|Any CPU
		{14F41291-B2E5-48D2-B421-F707D58FDE93}.Release|x86.Build.0 = Release|Any CPU
		{F7C2FCD0-686A-4E98-99B0-1C45C2DC5A5C}.Debug|Any CPU.ActiveCfg = Debug|Any CPU
		{F7C2FCD0-686A-4E98-99B0-1C45C2DC5A5C}.Debug|Any CPU.Build.0 = Debug|Any CPU
		{F7C2FCD0-686A-4E98-99B0-1C45C2DC5A5C}.Debug|x64.ActiveCfg = Debug|Any CPU
		{F7C2FCD0-686A-4E98-99B0-1C45C2DC5A5C}.Debug|x64.Build.0 = Debug|Any CPU
		{F7C2FCD0-686A-4E98-99B0-1C45C2DC5A5C}.Debug|x86.ActiveCfg = Debug|Any CPU
		{F7C2FCD0-686A-4E98-99B0-1C45C2DC5A5C}.Debug|x86.Build.0 = Debug|Any CPU
		{F7C2FCD0-686A-4E98-99B0-1C45C2DC5A5C}.Release|Any CPU.ActiveCfg = Release|Any CPU
		{F7C2FCD0-686A-4E98-99B0-1C45C2DC5A5C}.Release|Any CPU.Build.0 = Release|Any CPU
		{F7C2FCD0-686A-4E98-99B0-1C45C2DC5A5C}.Release|x64.ActiveCfg = Release|Any CPU
		{F7C2FCD0-686A-4E98-99B0-1C45C2DC5A5C}.Release|x64.Build.0 = Release|Any CPU
		{F7C2FCD0-686A-4E98-99B0-1C45C2DC5A5C}.Release|x86.ActiveCfg = Release|Any CPU
		{F7C2FCD0-686A-4E98-99B0-1C45C2DC5A5C}.Release|x86.Build.0 = Release|Any CPU
		{702EFFF0-DC99-4FE2-BDEC-3E8825DD7CE8}.Debug|Any CPU.ActiveCfg = Debug|Any CPU
		{702EFFF0-DC99-4FE2-BDEC-3E8825DD7CE8}.Debug|Any CPU.Build.0 = Debug|Any CPU
		{702EFFF0-DC99-4FE2-BDEC-3E8825DD7CE8}.Debug|x64.ActiveCfg = Debug|Any CPU
		{702EFFF0-DC99-4FE2-BDEC-3E8825DD7CE8}.Debug|x64.Build.0 = Debug|Any CPU
		{702EFFF0-DC99-4FE2-BDEC-3E8825DD7CE8}.Debug|x86.ActiveCfg = Debug|Any CPU
		{702EFFF0-DC99-4FE2-BDEC-3E8825DD7CE8}.Debug|x86.Build.0 = Debug|Any CPU
		{702EFFF0-DC99-4FE2-BDEC-3E8825DD7CE8}.Release|Any CPU.ActiveCfg = Release|Any CPU
		{702EFFF0-DC99-4FE2-BDEC-3E8825DD7CE8}.Release|Any CPU.Build.0 = Release|Any CPU
		{702EFFF0-DC99-4FE2-BDEC-3E8825DD7CE8}.Release|x64.ActiveCfg = Release|Any CPU
		{702EFFF0-DC99-4FE2-BDEC-3E8825DD7CE8}.Release|x64.Build.0 = Release|Any CPU
		{702EFFF0-DC99-4FE2-BDEC-3E8825DD7CE8}.Release|x86.ActiveCfg = Release|Any CPU
		{702EFFF0-DC99-4FE2-BDEC-3E8825DD7CE8}.Release|x86.Build.0 = Release|Any CPU
		{C786F9C5-CAB0-43FC-9DEA-FFB7F853998C}.Debug|Any CPU.ActiveCfg = Debug|Any CPU
		{C786F9C5-CAB0-43FC-9DEA-FFB7F853998C}.Debug|Any CPU.Build.0 = Debug|Any CPU
		{C786F9C5-CAB0-43FC-9DEA-FFB7F853998C}.Debug|x64.ActiveCfg = Debug|Any CPU
		{C786F9C5-CAB0-43FC-9DEA-FFB7F853998C}.Debug|x64.Build.0 = Debug|Any CPU
		{C786F9C5-CAB0-43FC-9DEA-FFB7F853998C}.Debug|x86.ActiveCfg = Debug|Any CPU
		{C786F9C5-CAB0-43FC-9DEA-FFB7F853998C}.Debug|x86.Build.0 = Debug|Any CPU
		{C786F9C5-CAB0-43FC-9DEA-FFB7F853998C}.Release|Any CPU.ActiveCfg = Release|Any CPU
		{C786F9C5-CAB0-43FC-9DEA-FFB7F853998C}.Release|Any CPU.Build.0 = Release|Any CPU
		{C786F9C5-CAB0-43FC-9DEA-FFB7F853998C}.Release|x64.ActiveCfg = Release|Any CPU
		{C786F9C5-CAB0-43FC-9DEA-FFB7F853998C}.Release|x64.Build.0 = Release|Any CPU
		{C786F9C5-CAB0-43FC-9DEA-FFB7F853998C}.Release|x86.ActiveCfg = Release|Any CPU
		{C786F9C5-CAB0-43FC-9DEA-FFB7F853998C}.Release|x86.Build.0 = Release|Any CPU
		{BB4E6BF7-0683-4BD8-8914-25A49EABE154}.Debug|Any CPU.ActiveCfg = Debug|Any CPU
		{BB4E6BF7-0683-4BD8-8914-25A49EABE154}.Debug|Any CPU.Build.0 = Debug|Any CPU
		{BB4E6BF7-0683-4BD8-8914-25A49EABE154}.Debug|x64.ActiveCfg = Debug|Any CPU
		{BB4E6BF7-0683-4BD8-8914-25A49EABE154}.Debug|x64.Build.0 = Debug|Any CPU
		{BB4E6BF7-0683-4BD8-8914-25A49EABE154}.Debug|x86.ActiveCfg = Debug|Any CPU
		{BB4E6BF7-0683-4BD8-8914-25A49EABE154}.Debug|x86.Build.0 = Debug|Any CPU
		{BB4E6BF7-0683-4BD8-8914-25A49EABE154}.Release|Any CPU.ActiveCfg = Release|Any CPU
		{BB4E6BF7-0683-4BD8-8914-25A49EABE154}.Release|Any CPU.Build.0 = Release|Any CPU
		{BB4E6BF7-0683-4BD8-8914-25A49EABE154}.Release|x64.ActiveCfg = Release|Any CPU
		{BB4E6BF7-0683-4BD8-8914-25A49EABE154}.Release|x64.Build.0 = Release|Any CPU
		{BB4E6BF7-0683-4BD8-8914-25A49EABE154}.Release|x86.ActiveCfg = Release|Any CPU
		{BB4E6BF7-0683-4BD8-8914-25A49EABE154}.Release|x86.Build.0 = Release|Any CPU
		{C7FD3C81-8BD9-4E27-BB36-61A77AF8D25D}.Debug|Any CPU.ActiveCfg = Debug|Any CPU
		{C7FD3C81-8BD9-4E27-BB36-61A77AF8D25D}.Debug|Any CPU.Build.0 = Debug|Any CPU
		{C7FD3C81-8BD9-4E27-BB36-61A77AF8D25D}.Debug|x64.ActiveCfg = Debug|Any CPU
		{C7FD3C81-8BD9-4E27-BB36-61A77AF8D25D}.Debug|x64.Build.0 = Debug|Any CPU
		{C7FD3C81-8BD9-4E27-BB36-61A77AF8D25D}.Debug|x86.ActiveCfg = Debug|Any CPU
		{C7FD3C81-8BD9-4E27-BB36-61A77AF8D25D}.Debug|x86.Build.0 = Debug|Any CPU
		{C7FD3C81-8BD9-4E27-BB36-61A77AF8D25D}.Release|Any CPU.ActiveCfg = Release|Any CPU
		{C7FD3C81-8BD9-4E27-BB36-61A77AF8D25D}.Release|Any CPU.Build.0 = Release|Any CPU
		{C7FD3C81-8BD9-4E27-BB36-61A77AF8D25D}.Release|x64.ActiveCfg = Release|Any CPU
		{C7FD3C81-8BD9-4E27-BB36-61A77AF8D25D}.Release|x64.Build.0 = Release|Any CPU
		{C7FD3C81-8BD9-4E27-BB36-61A77AF8D25D}.Release|x86.ActiveCfg = Release|Any CPU
		{C7FD3C81-8BD9-4E27-BB36-61A77AF8D25D}.Release|x86.Build.0 = Release|Any CPU
		{75C0EFD9-0F19-4F39-8EA0-96DBFD16F0B4}.Debug|Any CPU.ActiveCfg = Debug|Any CPU
		{75C0EFD9-0F19-4F39-8EA0-96DBFD16F0B4}.Debug|Any CPU.Build.0 = Debug|Any CPU
		{75C0EFD9-0F19-4F39-8EA0-96DBFD16F0B4}.Debug|x64.ActiveCfg = Debug|Any CPU
		{75C0EFD9-0F19-4F39-8EA0-96DBFD16F0B4}.Debug|x64.Build.0 = Debug|Any CPU
		{75C0EFD9-0F19-4F39-8EA0-96DBFD16F0B4}.Debug|x86.ActiveCfg = Debug|Any CPU
		{75C0EFD9-0F19-4F39-8EA0-96DBFD16F0B4}.Debug|x86.Build.0 = Debug|Any CPU
		{75C0EFD9-0F19-4F39-8EA0-96DBFD16F0B4}.Release|Any CPU.ActiveCfg = Release|Any CPU
		{75C0EFD9-0F19-4F39-8EA0-96DBFD16F0B4}.Release|Any CPU.Build.0 = Release|Any CPU
		{75C0EFD9-0F19-4F39-8EA0-96DBFD16F0B4}.Release|x64.ActiveCfg = Release|Any CPU
		{75C0EFD9-0F19-4F39-8EA0-96DBFD16F0B4}.Release|x64.Build.0 = Release|Any CPU
		{75C0EFD9-0F19-4F39-8EA0-96DBFD16F0B4}.Release|x86.ActiveCfg = Release|Any CPU
		{75C0EFD9-0F19-4F39-8EA0-96DBFD16F0B4}.Release|x86.Build.0 = Release|Any CPU
		{7E54FDD7-F586-4A7F-831C-6BF8917917E5}.Debug|Any CPU.ActiveCfg = Debug|Any CPU
		{7E54FDD7-F586-4A7F-831C-6BF8917917E5}.Debug|Any CPU.Build.0 = Debug|Any CPU
		{7E54FDD7-F586-4A7F-831C-6BF8917917E5}.Debug|x64.ActiveCfg = Debug|Any CPU
		{7E54FDD7-F586-4A7F-831C-6BF8917917E5}.Debug|x64.Build.0 = Debug|Any CPU
		{7E54FDD7-F586-4A7F-831C-6BF8917917E5}.Debug|x86.ActiveCfg = Debug|Any CPU
		{7E54FDD7-F586-4A7F-831C-6BF8917917E5}.Debug|x86.Build.0 = Debug|Any CPU
		{7E54FDD7-F586-4A7F-831C-6BF8917917E5}.Release|Any CPU.ActiveCfg = Release|Any CPU
		{7E54FDD7-F586-4A7F-831C-6BF8917917E5}.Release|Any CPU.Build.0 = Release|Any CPU
		{7E54FDD7-F586-4A7F-831C-6BF8917917E5}.Release|x64.ActiveCfg = Release|Any CPU
		{7E54FDD7-F586-4A7F-831C-6BF8917917E5}.Release|x64.Build.0 = Release|Any CPU
		{7E54FDD7-F586-4A7F-831C-6BF8917917E5}.Release|x86.ActiveCfg = Release|Any CPU
		{7E54FDD7-F586-4A7F-831C-6BF8917917E5}.Release|x86.Build.0 = Release|Any CPU
		{13186C25-D4B6-4419-9DC4-143FAB86069E}.Debug|Any CPU.ActiveCfg = Debug|Any CPU
		{13186C25-D4B6-4419-9DC4-143FAB86069E}.Debug|Any CPU.Build.0 = Debug|Any CPU
		{13186C25-D4B6-4419-9DC4-143FAB86069E}.Debug|x64.ActiveCfg = Debug|Any CPU
		{13186C25-D4B6-4419-9DC4-143FAB86069E}.Debug|x64.Build.0 = Debug|Any CPU
		{13186C25-D4B6-4419-9DC4-143FAB86069E}.Debug|x86.ActiveCfg = Debug|Any CPU
		{13186C25-D4B6-4419-9DC4-143FAB86069E}.Debug|x86.Build.0 = Debug|Any CPU
		{13186C25-D4B6-4419-9DC4-143FAB86069E}.Release|Any CPU.ActiveCfg = Release|Any CPU
		{13186C25-D4B6-4419-9DC4-143FAB86069E}.Release|Any CPU.Build.0 = Release|Any CPU
		{13186C25-D4B6-4419-9DC4-143FAB86069E}.Release|x64.ActiveCfg = Release|Any CPU
		{13186C25-D4B6-4419-9DC4-143FAB86069E}.Release|x64.Build.0 = Release|Any CPU
		{13186C25-D4B6-4419-9DC4-143FAB86069E}.Release|x86.ActiveCfg = Release|Any CPU
		{13186C25-D4B6-4419-9DC4-143FAB86069E}.Release|x86.Build.0 = Release|Any CPU
		{EA49DBBF-B1F0-4510-9E35-73D6DE4BF537}.Debug|Any CPU.ActiveCfg = Debug|Any CPU
		{EA49DBBF-B1F0-4510-9E35-73D6DE4BF537}.Debug|Any CPU.Build.0 = Debug|Any CPU
		{EA49DBBF-B1F0-4510-9E35-73D6DE4BF537}.Debug|x64.ActiveCfg = Debug|Any CPU
		{EA49DBBF-B1F0-4510-9E35-73D6DE4BF537}.Debug|x64.Build.0 = Debug|Any CPU
		{EA49DBBF-B1F0-4510-9E35-73D6DE4BF537}.Debug|x86.ActiveCfg = Debug|Any CPU
		{EA49DBBF-B1F0-4510-9E35-73D6DE4BF537}.Debug|x86.Build.0 = Debug|Any CPU
		{EA49DBBF-B1F0-4510-9E35-73D6DE4BF537}.Release|Any CPU.ActiveCfg = Release|Any CPU
		{EA49DBBF-B1F0-4510-9E35-73D6DE4BF537}.Release|Any CPU.Build.0 = Release|Any CPU
		{EA49DBBF-B1F0-4510-9E35-73D6DE4BF537}.Release|x64.ActiveCfg = Release|Any CPU
		{EA49DBBF-B1F0-4510-9E35-73D6DE4BF537}.Release|x64.Build.0 = Release|Any CPU
		{EA49DBBF-B1F0-4510-9E35-73D6DE4BF537}.Release|x86.ActiveCfg = Release|Any CPU
		{EA49DBBF-B1F0-4510-9E35-73D6DE4BF537}.Release|x86.Build.0 = Release|Any CPU
		{56758048-273D-47A2-809F-2B5350F56EB0}.Debug|Any CPU.ActiveCfg = Debug|Any CPU
		{56758048-273D-47A2-809F-2B5350F56EB0}.Debug|Any CPU.Build.0 = Debug|Any CPU
		{56758048-273D-47A2-809F-2B5350F56EB0}.Debug|x64.ActiveCfg = Debug|Any CPU
		{56758048-273D-47A2-809F-2B5350F56EB0}.Debug|x64.Build.0 = Debug|Any CPU
		{56758048-273D-47A2-809F-2B5350F56EB0}.Debug|x86.ActiveCfg = Debug|Any CPU
		{56758048-273D-47A2-809F-2B5350F56EB0}.Debug|x86.Build.0 = Debug|Any CPU
		{56758048-273D-47A2-809F-2B5350F56EB0}.Release|Any CPU.ActiveCfg = Release|Any CPU
		{56758048-273D-47A2-809F-2B5350F56EB0}.Release|Any CPU.Build.0 = Release|Any CPU
		{56758048-273D-47A2-809F-2B5350F56EB0}.Release|x64.ActiveCfg = Release|Any CPU
		{56758048-273D-47A2-809F-2B5350F56EB0}.Release|x64.Build.0 = Release|Any CPU
		{56758048-273D-47A2-809F-2B5350F56EB0}.Release|x86.ActiveCfg = Release|Any CPU
		{56758048-273D-47A2-809F-2B5350F56EB0}.Release|x86.Build.0 = Release|Any CPU
		{C80A496E-6940-4D03-A972-F44C4C867A88}.Debug|Any CPU.ActiveCfg = Debug|Any CPU
		{C80A496E-6940-4D03-A972-F44C4C867A88}.Debug|Any CPU.Build.0 = Debug|Any CPU
		{C80A496E-6940-4D03-A972-F44C4C867A88}.Debug|x64.ActiveCfg = Debug|Any CPU
		{C80A496E-6940-4D03-A972-F44C4C867A88}.Debug|x64.Build.0 = Debug|Any CPU
		{C80A496E-6940-4D03-A972-F44C4C867A88}.Debug|x86.ActiveCfg = Debug|Any CPU
		{C80A496E-6940-4D03-A972-F44C4C867A88}.Debug|x86.Build.0 = Debug|Any CPU
		{C80A496E-6940-4D03-A972-F44C4C867A88}.Release|Any CPU.ActiveCfg = Release|Any CPU
		{C80A496E-6940-4D03-A972-F44C4C867A88}.Release|Any CPU.Build.0 = Release|Any CPU
		{C80A496E-6940-4D03-A972-F44C4C867A88}.Release|x64.ActiveCfg = Release|Any CPU
		{C80A496E-6940-4D03-A972-F44C4C867A88}.Release|x64.Build.0 = Release|Any CPU
		{C80A496E-6940-4D03-A972-F44C4C867A88}.Release|x86.ActiveCfg = Release|Any CPU
		{C80A496E-6940-4D03-A972-F44C4C867A88}.Release|x86.Build.0 = Release|Any CPU
		{91285BBA-C52A-41D4-82BD-5237AFF714DE}.Debug|Any CPU.ActiveCfg = Debug|Any CPU
		{91285BBA-C52A-41D4-82BD-5237AFF714DE}.Debug|Any CPU.Build.0 = Debug|Any CPU
		{91285BBA-C52A-41D4-82BD-5237AFF714DE}.Debug|x64.ActiveCfg = Debug|Any CPU
		{91285BBA-C52A-41D4-82BD-5237AFF714DE}.Debug|x64.Build.0 = Debug|Any CPU
		{91285BBA-C52A-41D4-82BD-5237AFF714DE}.Debug|x86.ActiveCfg = Debug|Any CPU
		{91285BBA-C52A-41D4-82BD-5237AFF714DE}.Debug|x86.Build.0 = Debug|Any CPU
		{91285BBA-C52A-41D4-82BD-5237AFF714DE}.Release|Any CPU.ActiveCfg = Release|Any CPU
		{91285BBA-C52A-41D4-82BD-5237AFF714DE}.Release|Any CPU.Build.0 = Release|Any CPU
		{91285BBA-C52A-41D4-82BD-5237AFF714DE}.Release|x64.ActiveCfg = Release|Any CPU
		{91285BBA-C52A-41D4-82BD-5237AFF714DE}.Release|x64.Build.0 = Release|Any CPU
		{91285BBA-C52A-41D4-82BD-5237AFF714DE}.Release|x86.ActiveCfg = Release|Any CPU
		{91285BBA-C52A-41D4-82BD-5237AFF714DE}.Release|x86.Build.0 = Release|Any CPU
		{8DBB759D-0B8C-4EC5-B96C-2A57A3344C00}.Debug|Any CPU.ActiveCfg = Debug|Any CPU
		{8DBB759D-0B8C-4EC5-B96C-2A57A3344C00}.Debug|Any CPU.Build.0 = Debug|Any CPU
		{8DBB759D-0B8C-4EC5-B96C-2A57A3344C00}.Debug|x64.ActiveCfg = Debug|Any CPU
		{8DBB759D-0B8C-4EC5-B96C-2A57A3344C00}.Debug|x64.Build.0 = Debug|Any CPU
		{8DBB759D-0B8C-4EC5-B96C-2A57A3344C00}.Debug|x86.ActiveCfg = Debug|Any CPU
		{8DBB759D-0B8C-4EC5-B96C-2A57A3344C00}.Debug|x86.Build.0 = Debug|Any CPU
		{8DBB759D-0B8C-4EC5-B96C-2A57A3344C00}.Release|Any CPU.ActiveCfg = Release|Any CPU
		{8DBB759D-0B8C-4EC5-B96C-2A57A3344C00}.Release|Any CPU.Build.0 = Release|Any CPU
		{8DBB759D-0B8C-4EC5-B96C-2A57A3344C00}.Release|x64.ActiveCfg = Release|Any CPU
		{8DBB759D-0B8C-4EC5-B96C-2A57A3344C00}.Release|x64.Build.0 = Release|Any CPU
		{8DBB759D-0B8C-4EC5-B96C-2A57A3344C00}.Release|x86.ActiveCfg = Release|Any CPU
		{8DBB759D-0B8C-4EC5-B96C-2A57A3344C00}.Release|x86.Build.0 = Release|Any CPU
		{1F55D326-6C75-4128-A24E-D7C967B4A7D9}.Debug|Any CPU.ActiveCfg = Debug|Any CPU
		{1F55D326-6C75-4128-A24E-D7C967B4A7D9}.Debug|Any CPU.Build.0 = Debug|Any CPU
		{1F55D326-6C75-4128-A24E-D7C967B4A7D9}.Debug|x64.ActiveCfg = Debug|Any CPU
		{1F55D326-6C75-4128-A24E-D7C967B4A7D9}.Debug|x64.Build.0 = Debug|Any CPU
		{1F55D326-6C75-4128-A24E-D7C967B4A7D9}.Debug|x86.ActiveCfg = Debug|Any CPU
		{1F55D326-6C75-4128-A24E-D7C967B4A7D9}.Debug|x86.Build.0 = Debug|Any CPU
		{1F55D326-6C75-4128-A24E-D7C967B4A7D9}.Release|Any CPU.ActiveCfg = Release|Any CPU
		{1F55D326-6C75-4128-A24E-D7C967B4A7D9}.Release|Any CPU.Build.0 = Release|Any CPU
		{1F55D326-6C75-4128-A24E-D7C967B4A7D9}.Release|x64.ActiveCfg = Release|Any CPU
		{1F55D326-6C75-4128-A24E-D7C967B4A7D9}.Release|x64.Build.0 = Release|Any CPU
		{1F55D326-6C75-4128-A24E-D7C967B4A7D9}.Release|x86.ActiveCfg = Release|Any CPU
		{1F55D326-6C75-4128-A24E-D7C967B4A7D9}.Release|x86.Build.0 = Release|Any CPU
		{576D8736-BEE4-41EC-BB09-F0433A5181A3}.Debug|Any CPU.ActiveCfg = Debug|Any CPU
		{576D8736-BEE4-41EC-BB09-F0433A5181A3}.Debug|Any CPU.Build.0 = Debug|Any CPU
		{576D8736-BEE4-41EC-BB09-F0433A5181A3}.Debug|x64.ActiveCfg = Debug|Any CPU
		{576D8736-BEE4-41EC-BB09-F0433A5181A3}.Debug|x64.Build.0 = Debug|Any CPU
		{576D8736-BEE4-41EC-BB09-F0433A5181A3}.Debug|x86.ActiveCfg = Debug|Any CPU
		{576D8736-BEE4-41EC-BB09-F0433A5181A3}.Debug|x86.Build.0 = Debug|Any CPU
		{576D8736-BEE4-41EC-BB09-F0433A5181A3}.Release|Any CPU.ActiveCfg = Release|Any CPU
		{576D8736-BEE4-41EC-BB09-F0433A5181A3}.Release|Any CPU.Build.0 = Release|Any CPU
		{576D8736-BEE4-41EC-BB09-F0433A5181A3}.Release|x64.ActiveCfg = Release|Any CPU
		{576D8736-BEE4-41EC-BB09-F0433A5181A3}.Release|x64.Build.0 = Release|Any CPU
		{576D8736-BEE4-41EC-BB09-F0433A5181A3}.Release|x86.ActiveCfg = Release|Any CPU
		{576D8736-BEE4-41EC-BB09-F0433A5181A3}.Release|x86.Build.0 = Release|Any CPU
		{A549464D-9B26-4BD9-84F7-5F49B0B3BFE9}.Debug|Any CPU.ActiveCfg = Debug|Any CPU
		{A549464D-9B26-4BD9-84F7-5F49B0B3BFE9}.Debug|Any CPU.Build.0 = Debug|Any CPU
		{A549464D-9B26-4BD9-84F7-5F49B0B3BFE9}.Debug|x64.ActiveCfg = Debug|Any CPU
		{A549464D-9B26-4BD9-84F7-5F49B0B3BFE9}.Debug|x64.Build.0 = Debug|Any CPU
		{A549464D-9B26-4BD9-84F7-5F49B0B3BFE9}.Debug|x86.ActiveCfg = Debug|Any CPU
		{A549464D-9B26-4BD9-84F7-5F49B0B3BFE9}.Debug|x86.Build.0 = Debug|Any CPU
		{A549464D-9B26-4BD9-84F7-5F49B0B3BFE9}.Release|Any CPU.ActiveCfg = Release|Any CPU
		{A549464D-9B26-4BD9-84F7-5F49B0B3BFE9}.Release|Any CPU.Build.0 = Release|Any CPU
		{A549464D-9B26-4BD9-84F7-5F49B0B3BFE9}.Release|x64.ActiveCfg = Release|Any CPU
		{A549464D-9B26-4BD9-84F7-5F49B0B3BFE9}.Release|x64.Build.0 = Release|Any CPU
		{A549464D-9B26-4BD9-84F7-5F49B0B3BFE9}.Release|x86.ActiveCfg = Release|Any CPU
		{A549464D-9B26-4BD9-84F7-5F49B0B3BFE9}.Release|x86.Build.0 = Release|Any CPU
		{F43315BA-D966-45C1-8885-25F072DF02FB}.Debug|Any CPU.ActiveCfg = Debug|Any CPU
		{F43315BA-D966-45C1-8885-25F072DF02FB}.Debug|Any CPU.Build.0 = Debug|Any CPU
		{F43315BA-D966-45C1-8885-25F072DF02FB}.Debug|x64.ActiveCfg = Debug|Any CPU
		{F43315BA-D966-45C1-8885-25F072DF02FB}.Debug|x64.Build.0 = Debug|Any CPU
		{F43315BA-D966-45C1-8885-25F072DF02FB}.Debug|x86.ActiveCfg = Debug|Any CPU
		{F43315BA-D966-45C1-8885-25F072DF02FB}.Debug|x86.Build.0 = Debug|Any CPU
		{F43315BA-D966-45C1-8885-25F072DF02FB}.Release|Any CPU.ActiveCfg = Release|Any CPU
		{F43315BA-D966-45C1-8885-25F072DF02FB}.Release|Any CPU.Build.0 = Release|Any CPU
		{F43315BA-D966-45C1-8885-25F072DF02FB}.Release|x64.ActiveCfg = Release|Any CPU
		{F43315BA-D966-45C1-8885-25F072DF02FB}.Release|x64.Build.0 = Release|Any CPU
		{F43315BA-D966-45C1-8885-25F072DF02FB}.Release|x86.ActiveCfg = Release|Any CPU
		{F43315BA-D966-45C1-8885-25F072DF02FB}.Release|x86.Build.0 = Release|Any CPU
		{6E03DC96-0E22-4436-979D-63D882A602B7}.Debug|Any CPU.ActiveCfg = Debug|Any CPU
		{6E03DC96-0E22-4436-979D-63D882A602B7}.Debug|Any CPU.Build.0 = Debug|Any CPU
		{6E03DC96-0E22-4436-979D-63D882A602B7}.Debug|x64.ActiveCfg = Debug|Any CPU
		{6E03DC96-0E22-4436-979D-63D882A602B7}.Debug|x64.Build.0 = Debug|Any CPU
		{6E03DC96-0E22-4436-979D-63D882A602B7}.Debug|x86.ActiveCfg = Debug|Any CPU
		{6E03DC96-0E22-4436-979D-63D882A602B7}.Debug|x86.Build.0 = Debug|Any CPU
		{6E03DC96-0E22-4436-979D-63D882A602B7}.Release|Any CPU.ActiveCfg = Release|Any CPU
		{6E03DC96-0E22-4436-979D-63D882A602B7}.Release|Any CPU.Build.0 = Release|Any CPU
		{6E03DC96-0E22-4436-979D-63D882A602B7}.Release|x64.ActiveCfg = Release|Any CPU
		{6E03DC96-0E22-4436-979D-63D882A602B7}.Release|x64.Build.0 = Release|Any CPU
		{6E03DC96-0E22-4436-979D-63D882A602B7}.Release|x86.ActiveCfg = Release|Any CPU
		{6E03DC96-0E22-4436-979D-63D882A602B7}.Release|x86.Build.0 = Release|Any CPU
		{A42876D2-2617-4514-A387-B2B177807D56}.Debug|Any CPU.ActiveCfg = Debug|Any CPU
		{A42876D2-2617-4514-A387-B2B177807D56}.Debug|Any CPU.Build.0 = Debug|Any CPU
		{A42876D2-2617-4514-A387-B2B177807D56}.Debug|x64.ActiveCfg = Debug|Any CPU
		{A42876D2-2617-4514-A387-B2B177807D56}.Debug|x64.Build.0 = Debug|Any CPU
		{A42876D2-2617-4514-A387-B2B177807D56}.Debug|x86.ActiveCfg = Debug|Any CPU
		{A42876D2-2617-4514-A387-B2B177807D56}.Debug|x86.Build.0 = Debug|Any CPU
		{A42876D2-2617-4514-A387-B2B177807D56}.Release|Any CPU.ActiveCfg = Release|Any CPU
		{A42876D2-2617-4514-A387-B2B177807D56}.Release|Any CPU.Build.0 = Release|Any CPU
		{A42876D2-2617-4514-A387-B2B177807D56}.Release|x64.ActiveCfg = Release|Any CPU
		{A42876D2-2617-4514-A387-B2B177807D56}.Release|x64.Build.0 = Release|Any CPU
		{A42876D2-2617-4514-A387-B2B177807D56}.Release|x86.ActiveCfg = Release|Any CPU
		{A42876D2-2617-4514-A387-B2B177807D56}.Release|x86.Build.0 = Release|Any CPU
		{9F5580F9-D5C8-4CE1-A664-4AA785AD2E81}.Debug|Any CPU.ActiveCfg = Debug|Any CPU
		{9F5580F9-D5C8-4CE1-A664-4AA785AD2E81}.Debug|Any CPU.Build.0 = Debug|Any CPU
		{9F5580F9-D5C8-4CE1-A664-4AA785AD2E81}.Debug|x64.ActiveCfg = Debug|Any CPU
		{9F5580F9-D5C8-4CE1-A664-4AA785AD2E81}.Debug|x64.Build.0 = Debug|Any CPU
		{9F5580F9-D5C8-4CE1-A664-4AA785AD2E81}.Debug|x86.ActiveCfg = Debug|Any CPU
		{9F5580F9-D5C8-4CE1-A664-4AA785AD2E81}.Debug|x86.Build.0 = Debug|Any CPU
		{9F5580F9-D5C8-4CE1-A664-4AA785AD2E81}.Release|Any CPU.ActiveCfg = Release|Any CPU
		{9F5580F9-D5C8-4CE1-A664-4AA785AD2E81}.Release|Any CPU.Build.0 = Release|Any CPU
		{9F5580F9-D5C8-4CE1-A664-4AA785AD2E81}.Release|x64.ActiveCfg = Release|Any CPU
		{9F5580F9-D5C8-4CE1-A664-4AA785AD2E81}.Release|x64.Build.0 = Release|Any CPU
		{9F5580F9-D5C8-4CE1-A664-4AA785AD2E81}.Release|x86.ActiveCfg = Release|Any CPU
		{9F5580F9-D5C8-4CE1-A664-4AA785AD2E81}.Release|x86.Build.0 = Release|Any CPU
		{5DA89C6C-6756-4992-A63C-09A2579F0DC3}.Debug|Any CPU.ActiveCfg = Debug|Any CPU
		{5DA89C6C-6756-4992-A63C-09A2579F0DC3}.Debug|Any CPU.Build.0 = Debug|Any CPU
		{5DA89C6C-6756-4992-A63C-09A2579F0DC3}.Debug|x64.ActiveCfg = Debug|Any CPU
		{5DA89C6C-6756-4992-A63C-09A2579F0DC3}.Debug|x64.Build.0 = Debug|Any CPU
		{5DA89C6C-6756-4992-A63C-09A2579F0DC3}.Debug|x86.ActiveCfg = Debug|Any CPU
		{5DA89C6C-6756-4992-A63C-09A2579F0DC3}.Debug|x86.Build.0 = Debug|Any CPU
		{5DA89C6C-6756-4992-A63C-09A2579F0DC3}.Release|Any CPU.ActiveCfg = Release|Any CPU
		{5DA89C6C-6756-4992-A63C-09A2579F0DC3}.Release|Any CPU.Build.0 = Release|Any CPU
		{5DA89C6C-6756-4992-A63C-09A2579F0DC3}.Release|x64.ActiveCfg = Release|Any CPU
		{5DA89C6C-6756-4992-A63C-09A2579F0DC3}.Release|x64.Build.0 = Release|Any CPU
		{5DA89C6C-6756-4992-A63C-09A2579F0DC3}.Release|x86.ActiveCfg = Release|Any CPU
		{5DA89C6C-6756-4992-A63C-09A2579F0DC3}.Release|x86.Build.0 = Release|Any CPU
		{F065EDEC-A5B7-49B0-BDE4-8276F4D8A5F6}.Debug|Any CPU.ActiveCfg = Debug|Any CPU
		{F065EDEC-A5B7-49B0-BDE4-8276F4D8A5F6}.Debug|Any CPU.Build.0 = Debug|Any CPU
		{F065EDEC-A5B7-49B0-BDE4-8276F4D8A5F6}.Debug|x64.ActiveCfg = Debug|Any CPU
		{F065EDEC-A5B7-49B0-BDE4-8276F4D8A5F6}.Debug|x64.Build.0 = Debug|Any CPU
		{F065EDEC-A5B7-49B0-BDE4-8276F4D8A5F6}.Debug|x86.ActiveCfg = Debug|Any CPU
		{F065EDEC-A5B7-49B0-BDE4-8276F4D8A5F6}.Debug|x86.Build.0 = Debug|Any CPU
		{F065EDEC-A5B7-49B0-BDE4-8276F4D8A5F6}.Release|Any CPU.ActiveCfg = Release|Any CPU
		{F065EDEC-A5B7-49B0-BDE4-8276F4D8A5F6}.Release|Any CPU.Build.0 = Release|Any CPU
		{F065EDEC-A5B7-49B0-BDE4-8276F4D8A5F6}.Release|x64.ActiveCfg = Release|Any CPU
		{F065EDEC-A5B7-49B0-BDE4-8276F4D8A5F6}.Release|x64.Build.0 = Release|Any CPU
		{F065EDEC-A5B7-49B0-BDE4-8276F4D8A5F6}.Release|x86.ActiveCfg = Release|Any CPU
		{F065EDEC-A5B7-49B0-BDE4-8276F4D8A5F6}.Release|x86.Build.0 = Release|Any CPU
		{A2BE511F-060D-49CB-8257-913A750B1640}.Debug|Any CPU.ActiveCfg = Debug|Any CPU
		{A2BE511F-060D-49CB-8257-913A750B1640}.Debug|Any CPU.Build.0 = Debug|Any CPU
		{A2BE511F-060D-49CB-8257-913A750B1640}.Debug|x64.ActiveCfg = Debug|Any CPU
		{A2BE511F-060D-49CB-8257-913A750B1640}.Debug|x64.Build.0 = Debug|Any CPU
		{A2BE511F-060D-49CB-8257-913A750B1640}.Debug|x86.ActiveCfg = Debug|Any CPU
		{A2BE511F-060D-49CB-8257-913A750B1640}.Debug|x86.Build.0 = Debug|Any CPU
		{A2BE511F-060D-49CB-8257-913A750B1640}.Release|Any CPU.ActiveCfg = Release|Any CPU
		{A2BE511F-060D-49CB-8257-913A750B1640}.Release|Any CPU.Build.0 = Release|Any CPU
		{A2BE511F-060D-49CB-8257-913A750B1640}.Release|x64.ActiveCfg = Release|Any CPU
		{A2BE511F-060D-49CB-8257-913A750B1640}.Release|x64.Build.0 = Release|Any CPU
		{A2BE511F-060D-49CB-8257-913A750B1640}.Release|x86.ActiveCfg = Release|Any CPU
		{A2BE511F-060D-49CB-8257-913A750B1640}.Release|x86.Build.0 = Release|Any CPU
	EndGlobalSection
	GlobalSection(SolutionProperties) = preSolution
		HideSolutionNode = FALSE
	EndGlobalSection
	GlobalSection(NestedProjects) = preSolution
		{A1111111-1111-1111-1111-111111111111} = {827E0CD3-B72D-47B6-A68D-7590B98EB39B}
		{A2222222-2222-2222-2222-222222222222} = {827E0CD3-B72D-47B6-A68D-7590B98EB39B}
		{A3333333-3333-3333-3333-333333333333} = {827E0CD3-B72D-47B6-A68D-7590B98EB39B}
		{A4444444-4444-4444-4444-444444444444} = {827E0CD3-B72D-47B6-A68D-7590B98EB39B}
		{A5555555-5555-5555-5555-555555555555} = {A4444444-4444-4444-4444-444444444444}
		{A6666666-6666-6666-6666-666666666666} = {A4444444-4444-4444-4444-444444444444}
		{A7777777-7777-7777-7777-777777777777} = {A4444444-4444-4444-4444-444444444444}
		{A8888888-8888-8888-8888-888888888888} = {A4444444-4444-4444-4444-444444444444}
		{AD06E313-6EAF-49F2-9C42-3631BEAA5836} = {A1111111-1111-1111-1111-111111111111}
		{EEC19417-9B99-4EF1-99CB-FA4C85C60892} = {A1111111-1111-1111-1111-111111111111}
		{2F2A6434-38BF-402A-9FC9-40D587F084A0} = {A2222222-2222-2222-2222-222222222222}
		{35548C29-5844-4EFC-AEBF-A5F40AE89AE4} = {A5555555-5555-5555-5555-555555555555}
		{222F14A4-3F74-42E4-AD43-3F3B77D59EA8} = {A5555555-5555-5555-5555-555555555555}
		{E32E3B6E-ED1F-4BC5-ACFC-2E198270AC1C} = {A5555555-5555-5555-5555-555555555555}
		{04845B04-475C-4987-B960-C69C2B182B63} = {A5555555-5555-5555-5555-555555555555}
		{190F5183-2430-4515-B99D-67AA82D6A5DB} = {A6666666-6666-6666-6666-666666666666}
		{43EEC4C2-5D2A-4B14-9051-E7A1E41A59B6} = {A6666666-6666-6666-6666-666666666666}
		{CB8636B7-B102-4B2D-AA94-7BA717F93535} = {A6666666-6666-6666-6666-666666666666}
		{114F18F0-82DA-43EE-9668-F79D45195290} = {A6666666-6666-6666-6666-666666666666}
		{3233E982-3D06-45E9-9E03-D5EA3CED5219} = {A7777777-7777-7777-7777-777777777777}
		{EBE1728A-49EA-44CB-AB52-E33E648866E0} = {A7777777-7777-7777-7777-777777777777}
		{7B34BBEC-2D6A-48A6-8FD0-38545E797CC9} = {A7777777-7777-7777-7777-777777777777}
		{1AEEC8C3-3572-46A1-8FF6-ACCDCEABC021} = {A7777777-7777-7777-7777-777777777777}
		{B64B3AA8-9440-4533-9BA9-A4FA3450CF3E} = {A8888888-8888-8888-8888-888888888888}
		{3DED43E1-56C7-4CE8-86DF-219E7A86BE41} = {A8888888-8888-8888-8888-888888888888}
		{9FEFF544-BB49-4431-95B3-C445BC5CB5AF} = {A8888888-8888-8888-8888-888888888888}
		{F3A9C6A0-823E-4740-B249-86FDFF94D66D} = {A8888888-8888-8888-8888-888888888888}
		{DE50897F-7D2B-4632-BBAC-BEB83FA78B73} = {A3333333-3333-3333-3333-333333333333}
		{B1111111-1111-1111-1111-111111111111} = {0AB3BF05-4346-4AA6-1389-037BE0695223}
		{B2222222-2222-2222-2222-222222222222} = {0AB3BF05-4346-4AA6-1389-037BE0695223}
		{B3333333-3333-3333-3333-333333333333} = {0AB3BF05-4346-4AA6-1389-037BE0695223}
		{B4444444-4444-4444-4444-444444444444} = {0AB3BF05-4346-4AA6-1389-037BE0695223}
		{BDF0F2F9-BB13-4539-A151-7E4541C1A8D3} = {B1111111-1111-1111-1111-111111111111}
		{8B5CAFBF-0036-46B6-AFCA-4EFAC7376C00} = {B1111111-1111-1111-1111-111111111111}
		{E83221D7-9CCD-4A3B-9174-A07B1C7CA983} = {B2222222-2222-2222-2222-222222222222}
		{D5C69CB1-57A5-481B-9D5A-BCC910E003E9} = {B2222222-2222-2222-2222-222222222222}
		{CA0928BD-DF12-4DB3-95F5-E079223B4023} = {B2222222-2222-2222-2222-222222222222}
		{4E817583-FC4D-4F12-84E3-CF8BB3C68D95} = {B2222222-2222-2222-2222-222222222222}
		{9315A789-A186-4C50-8ECC-63F6C2E4C085} = {B3333333-3333-3333-3333-333333333333}
		{696E0BDA-EEDE-46D9-B612-952A287C7D10} = {B3333333-3333-3333-3333-333333333333}
		{99D01DA7-BD50-4877-B46D-FF060B38B36B} = {B3333333-3333-3333-3333-333333333333}
		{EA7366F2-0B35-4E09-84BC-31D1C99B2C6B} = {B4444444-4444-4444-4444-444444444444}
		{14F41291-B2E5-48D2-B421-F707D58FDE93} = {B4444444-4444-4444-4444-444444444444}
		{F7C2FCD0-686A-4E98-99B0-1C45C2DC5A5C} = {B4444444-4444-4444-4444-444444444444}
		{702EFFF0-DC99-4FE2-BDEC-3E8825DD7CE8} = {B1111111-1111-1111-1111-111111111111}
		{E14D91F1-2DC8-35E9-AE1E-F46879DDFF27} = {A4444444-4444-4444-4444-444444444444}
		{C786F9C5-CAB0-43FC-9DEA-FFB7F853998C} = {E14D91F1-2DC8-35E9-AE1E-F46879DDFF27}
		{BB4E6BF7-0683-4BD8-8914-25A49EABE154} = {E14D91F1-2DC8-35E9-AE1E-F46879DDFF27}
		{C7FD3C81-8BD9-4E27-BB36-61A77AF8D25D} = {E14D91F1-2DC8-35E9-AE1E-F46879DDFF27}
		{3B3F4563-A7AB-BD5E-0C86-A5A7D2BF8E74} = {0AB3BF05-4346-4AA6-1389-037BE0695223}
		{75C0EFD9-0F19-4F39-8EA0-96DBFD16F0B4} = {3B3F4563-A7AB-BD5E-0C86-A5A7D2BF8E74}
		{7E54FDD7-F586-4A7F-831C-6BF8917917E5} = {3B3F4563-A7AB-BD5E-0C86-A5A7D2BF8E74}
		{13186C25-D4B6-4419-9DC4-143FAB86069E} = {3B3F4563-A7AB-BD5E-0C86-A5A7D2BF8E74}
		{42299874-777B-F2D0-9D08-D24097ABCE7E} = {827E0CD3-B72D-47B6-A68D-7590B98EB39B}
		{EA49DBBF-B1F0-4510-9E35-73D6DE4BF537} = {42299874-777B-F2D0-9D08-D24097ABCE7E}
		{258B5AB8-9A7F-B602-D5EE-93F0F44B7F3B} = {A4444444-4444-4444-4444-444444444444}
		{56758048-273D-47A2-809F-2B5350F56EB0} = {258B5AB8-9A7F-B602-D5EE-93F0F44B7F3B}
		{C80A496E-6940-4D03-A972-F44C4C867A88} = {258B5AB8-9A7F-B602-D5EE-93F0F44B7F3B}
		{1417E96A-836E-530C-DFEA-E4866583AD75} = {A4444444-4444-4444-4444-444444444444}
		{91285BBA-C52A-41D4-82BD-5237AFF714DE} = {1417E96A-836E-530C-DFEA-E4866583AD75}
		{8DBB759D-0B8C-4EC5-B96C-2A57A3344C00} = {258B5AB8-9A7F-B602-D5EE-93F0F44B7F3B}
		{1F55D326-6C75-4128-A24E-D7C967B4A7D9} = {258B5AB8-9A7F-B602-D5EE-93F0F44B7F3B}
		{A74431E2-8AA8-C128-71CE-815214B7B36A} = {0AB3BF05-4346-4AA6-1389-037BE0695223}
		{576D8736-BEE4-41EC-BB09-F0433A5181A3} = {A74431E2-8AA8-C128-71CE-815214B7B36A}
		{A549464D-9B26-4BD9-84F7-5F49B0B3BFE9} = {A74431E2-8AA8-C128-71CE-815214B7B36A}
		{11C121BD-5345-2A02-24C3-AFC904F826EB} = {0AB3BF05-4346-4AA6-1389-037BE0695223}
		{F43315BA-D966-45C1-8885-25F072DF02FB} = {11C121BD-5345-2A02-24C3-AFC904F826EB}
		{DCB6FCB8-FF92-AC57-0842-1F72A354D6B1} = {827E0CD3-B72D-47B6-A68D-7590B98EB39B}
		{6E03DC96-0E22-4436-979D-63D882A602B7} = {DCB6FCB8-FF92-AC57-0842-1F72A354D6B1}
		{C8AE58DD-BED0-E155-9F01-D150639BEF75} = {A4444444-4444-4444-4444-444444444444}
		{A42876D2-2617-4514-A387-B2B177807D56} = {C8AE58DD-BED0-E155-9F01-D150639BEF75}
		{9F5580F9-D5C8-4CE1-A664-4AA785AD2E81} = {C8AE58DD-BED0-E155-9F01-D150639BEF75}
		{5DA89C6C-6756-4992-A63C-09A2579F0DC3} = {C8AE58DD-BED0-E155-9F01-D150639BEF75}
		{F065EDEC-A5B7-49B0-BDE4-8276F4D8A5F6} = {C8AE58DD-BED0-E155-9F01-D150639BEF75}
		{A2BE511F-060D-49CB-8257-913A750B1640} = {B4444444-4444-4444-4444-444444444444}
	EndGlobalSection
EndGlobal
